
Microsoft Visual Studio Solution File, Format Version 10.00
# Visual Studio 2008
Project("{FAE04EC0-301F-11D3-BF4B-00C04F79EFBC}") = "Syncfusion.Shared.WPF_2008", "Syncfusion.Shared.WPF_2008.csproj", "{AD36B6B1-D676-40AD-BABE-9F6D6EE926C9}"
EndProject
Global
	GlobalSection(SolutionConfigurationPlatforms) = preSolution
		Debug|Any CPU = Debug|Any CPU
		Debug-Xml|Any CPU = Debug-Xml|Any CPU
		Release|Any CPU = Release|Any CPU
		Release-Xml|Any CPU = Release-Xml|Any CPU
	EndGlobalSection
	GlobalSection(ProjectConfigurationPlatforms) = postSolution
		{AD36B6B1-D676-40AD-BABE-9F6D6EE926C9}.Debug|Any CPU.ActiveCfg = Debug|Any CPU
		{AD36B6B1-D676-40AD-BABE-9F6D6EE926C9}.Debug|Any CPU.Build.0 = Debug|Any CPU
		{AD36B6B1-D676-40AD-BABE-9F6D6EE926C9}.Debug-Xml|Any CPU.ActiveCfg = Debug-Xml|Any CPU
		{AD36B6B1-D676-40AD-BABE-9F6D6EE926C9}.Debug-Xml|Any CPU.Build.0 = Debug-Xml|Any CPU
		{AD36B6B1-D676-40AD-BABE-9F6D6EE926C9}.Release|Any CPU.ActiveCfg = Release|Any CPU
		{AD36B6B1-D676-40AD-BABE-9F6D6EE926C9}.Release|Any CPU.Build.0 = Release|Any CPU
		{AD36B6B1-D676-40AD-BABE-9F6D6EE926C9}.Release-Xml|Any CPU.ActiveCfg = Release-Xml|Any CPU
		{AD36B6B1-D676-40AD-BABE-9F6D6EE926C9}.Release-Xml|Any CPU.Build.0 = Release-Xml|Any CPU
	EndGlobalSection
	GlobalSection(SolutionProperties) = preSolution
		HideSolutionNode = FALSE
	EndGlobalSection
EndGlobal
