
Microsoft Visual Studio Solution File, Format Version 11.00
# Visual Studio 2010
Project("{FAE04EC0-301F-11D3-BF4B-00C04F79EFBC}") = "Fantasy.Base", "Fantasy.Base\Fantasy.Base.csproj", "{3252341E-6C16-4BF9-9463-91A9CF7D612E}"
EndProject
Project("{FAE04EC0-301F-11D3-BF4B-00C04F79EFBC}") = "Fantasy.Studio", "Fantasy.Studio\Fantasy.Studio.csproj", "{5FDF97CF-CBFC-40E0-892B-9C192E7A4CC8}"
EndProject
Project("{FAE04EC0-301F-11D3-BF4B-00C04F79EFBC}") = "Fantasy.Studio.Startup", "Fantasy.Studio.Startup\Fantasy.Studio.Startup.csproj", "{A801709E-18F1-4415-91C2-F6081512301C}"
EndProject
Project("{FAE04EC0-301F-11D3-BF4B-00C04F79EFBC}") = "Fantasy.BusinessEngine", "Fantasy.BusinessEngine\Fantasy.BusinessEngine.csproj", "{FEEDE1C2-C196-4A85-98A3-A5547C4A8D93}"
EndProject
Project("{FAE04EC0-301F-11D3-BF4B-00C04F79EFBC}") = "Fantasy.Studio.BusinessEngine", "Fantasy.Studio.BusinessEngine\Fantasy.Studio.BusinessEngine.csproj", "{1C76065F-1173-49A6-A402-5F42419992CB}"
EndProject
Project("{FAE04EC0-301F-11D3-BF4B-00C04F79EFBC}") = "ConsoleTest", "ConsoleTest\ConsoleTest.csproj", "{1E7E1452-5109-4900-8D54-ECD3C9DE4565}"
EndProject
Project("{FAE04EC0-301F-11D3-BF4B-00C04F79EFBC}") = "Fantasy.BusinessEngine.MSSQL", "Fantasy.BusinessEngine.MSSQL\Fantasy.BusinessEngine.MSSQL.csproj", "{100447FB-8D38-4EB0-8A97-B5DB6ECDBAA2}"
EndProject
Project("{2150E333-8FDC-42A3-9474-1A3956D46DE8}") = "synfusion", "synfusion", "{4AC48CF4-2F4F-4977-91EE-54FBE9FF0E34}"
EndProject
Project("{FAE04EC0-301F-11D3-BF4B-00C04F79EFBC}") = "Syncfusion.Shared.WPF_2010", "..\External.Source\Synfusion\SharedWPFSrc\Syncfusion.Shared.WPF_2010.csproj", "{AD36B6B1-D676-40AD-BABE-9F6D6EE926C9}"
EndProject
Project("{FAE04EC0-301F-11D3-BF4B-00C04F79EFBC}") = "Syncfusion.Diagram.WPF_2010", "..\External.Source\Synfusion\DiagramWPFSrc\Syncfusion.Diagram.WPF_2010.csproj", "{F19EA870-B3B9-4F9F-ADDC-BBD885FE56A9}"
EndProject
Project("{2150E333-8FDC-42A3-9474-1A3956D46DE8}") = "Solution Items", "Solution Items", "{8F2D3875-7F47-415F-8F1B-B06ABAE9D0D1}"
	ProjectSection(SolutionItems) = preProject
		nhtest.xml = nhtest.xml
		ProductInfo.cs = ProductInfo.cs
	EndProjectSection
EndProject
Project("{FAE04EC0-301F-11D3-BF4B-00C04F79EFBC}") = "Fantasy.AddInFormatter", "Fantasy.AddInFormatter\Fantasy.AddInFormatter.csproj", "{639B80BD-E20F-4655-B043-D75EA3106537}"
EndProject
Project("{2150E333-8FDC-42A3-9474-1A3956D46DE8}") = "misc", "misc", "{322BF4F2-E944-4FB0-854C-E1DD3FB8A110}"
EndProject
Project("{FAE04EC0-301F-11D3-BF4B-00C04F79EFBC}") = "Fantasy.Web.Testing", "Fantasy.Web.Testing\Fantasy.Web.Testing.csproj", "{FFA56255-260A-48EC-9892-271C61AFE4FD}"
EndProject
Project("{FAE04EC0-301F-11D3-BF4B-00C04F79EFBC}") = "ExportIcons", "ExportIcons\ExportIcons.csproj", "{CA8BE109-231B-49B6-8EFA-4F49EB132705}"
EndProject
Project("{FAE04EC0-301F-11D3-BF4B-00C04F79EFBC}") = "Fantasy.ZipItemTemplate", "Fantasy.ZipItemTemplate\Fantasy.ZipItemTemplate.csproj", "{6B4638BB-2115-4AE5-B74B-FD8631905D4B}"
EndProject
Project("{FAE04EC0-301F-11D3-BF4B-00C04F79EFBC}") = "Fantasy.Web", "Fantasy.Web\Fantasy.Web.csproj", "{E491EB15-8312-45B5-BC93-275D24B0D13D}"
EndProject
Project("{FAE04EC0-301F-11D3-BF4B-00C04F79EFBC}") = "Fantasy.Web.Design", "Fantasy.Web.Design\Fantasy.Web.Design.csproj", "{F2BC544D-1583-4219-9A23-C21FE744CB08}"
EndProject
Global
	GlobalSection(SolutionConfigurationPlatforms) = preSolution
		Debug|Any CPU = Debug|Any CPU
		Debug|Mixed Platforms = Debug|Mixed Platforms
		Debug|x86 = Debug|x86
		DebugHost|Any CPU = DebugHost|Any CPU
		DebugHost|Mixed Platforms = DebugHost|Mixed Platforms
		DebugHost|x86 = DebugHost|x86
		Debug-Xml|Any CPU = Debug-Xml|Any CPU
		Debug-Xml|Mixed Platforms = Debug-Xml|Mixed Platforms
		Debug-Xml|x86 = Debug-Xml|x86
		Release|Any CPU = Release|Any CPU
		Release|Mixed Platforms = Release|Mixed Platforms
		Release|x86 = Release|x86
		Release-Xml|Any CPU = Release-Xml|Any CPU
		Release-Xml|Mixed Platforms = Release-Xml|Mixed Platforms
		Release-Xml|x86 = Release-Xml|x86
	EndGlobalSection
	GlobalSection(ProjectConfigurationPlatforms) = postSolution
		{3252341E-6C16-4BF9-9463-91A9CF7D612E}.Debug|Any CPU.ActiveCfg = Debug|Any CPU
		{3252341E-6C16-4BF9-9463-91A9CF7D612E}.Debug|Any CPU.Build.0 = Debug|Any CPU
		{3252341E-6C16-4BF9-9463-91A9CF7D612E}.Debug|Mixed Platforms.ActiveCfg = Debug|x86
		{3252341E-6C16-4BF9-9463-91A9CF7D612E}.Debug|Mixed Platforms.Build.0 = Debug|x86
		{3252341E-6C16-4BF9-9463-91A9CF7D612E}.Debug|x86.ActiveCfg = Debug|x86
		{3252341E-6C16-4BF9-9463-91A9CF7D612E}.Debug|x86.Build.0 = Debug|x86
		{3252341E-6C16-4BF9-9463-91A9CF7D612E}.DebugHost|Any CPU.ActiveCfg = DebugHost|Any CPU
		{3252341E-6C16-4BF9-9463-91A9CF7D612E}.DebugHost|Any CPU.Build.0 = DebugHost|Any CPU
		{3252341E-6C16-4BF9-9463-91A9CF7D612E}.DebugHost|Mixed Platforms.ActiveCfg = DebugHost|x86
		{3252341E-6C16-4BF9-9463-91A9CF7D612E}.DebugHost|Mixed Platforms.Build.0 = DebugHost|x86
		{3252341E-6C16-4BF9-9463-91A9CF7D612E}.DebugHost|x86.ActiveCfg = DebugHost|x86
		{3252341E-6C16-4BF9-9463-91A9CF7D612E}.DebugHost|x86.Build.0 = DebugHost|x86
		{3252341E-6C16-4BF9-9463-91A9CF7D612E}.Debug-Xml|Any CPU.ActiveCfg = DebugHost|x86
		{3252341E-6C16-4BF9-9463-91A9CF7D612E}.Debug-Xml|Mixed Platforms.ActiveCfg = DebugHost|x86
		{3252341E-6C16-4BF9-9463-91A9CF7D612E}.Debug-Xml|Mixed Platforms.Build.0 = DebugHost|x86
		{3252341E-6C16-4BF9-9463-91A9CF7D612E}.Debug-Xml|x86.ActiveCfg = DebugHost|x86
		{3252341E-6C16-4BF9-9463-91A9CF7D612E}.Debug-Xml|x86.Build.0 = DebugHost|x86
		{3252341E-6C16-4BF9-9463-91A9CF7D612E}.Release|Any CPU.ActiveCfg = Release|Any CPU
		{3252341E-6C16-4BF9-9463-91A9CF7D612E}.Release|Any CPU.Build.0 = Release|Any CPU
		{3252341E-6C16-4BF9-9463-91A9CF7D612E}.Release|Mixed Platforms.ActiveCfg = Release|x86
		{3252341E-6C16-4BF9-9463-91A9CF7D612E}.Release|Mixed Platforms.Build.0 = Release|x86
		{3252341E-6C16-4BF9-9463-91A9CF7D612E}.Release|x86.ActiveCfg = Release|x86
		{3252341E-6C16-4BF9-9463-91A9CF7D612E}.Release|x86.Build.0 = Release|x86
		{3252341E-6C16-4BF9-9463-91A9CF7D612E}.Release-Xml|Any CPU.ActiveCfg = Release|x86
		{3252341E-6C16-4BF9-9463-91A9CF7D612E}.Release-Xml|Mixed Platforms.ActiveCfg = Release|x86
		{3252341E-6C16-4BF9-9463-91A9CF7D612E}.Release-Xml|Mixed Platforms.Build.0 = Release|x86
		{3252341E-6C16-4BF9-9463-91A9CF7D612E}.Release-Xml|x86.ActiveCfg = Release|x86
		{3252341E-6C16-4BF9-9463-91A9CF7D612E}.Release-Xml|x86.Build.0 = Release|x86
		{5FDF97CF-CBFC-40E0-892B-9C192E7A4CC8}.Debug|Any CPU.ActiveCfg = Debug|Any CPU
		{5FDF97CF-CBFC-40E0-892B-9C192E7A4CC8}.Debug|Any CPU.Build.0 = Debug|Any CPU
		{5FDF97CF-CBFC-40E0-892B-9C192E7A4CC8}.Debug|Mixed Platforms.ActiveCfg = Debug|Any CPU
		{5FDF97CF-CBFC-40E0-892B-9C192E7A4CC8}.Debug|Mixed Platforms.Build.0 = Debug|Any CPU
		{5FDF97CF-CBFC-40E0-892B-9C192E7A4CC8}.Debug|x86.ActiveCfg = Debug|Any CPU
		{5FDF97CF-CBFC-40E0-892B-9C192E7A4CC8}.DebugHost|Any CPU.ActiveCfg = Debug|Any CPU
		{5FDF97CF-CBFC-40E0-892B-9C192E7A4CC8}.DebugHost|Any CPU.Build.0 = Debug|Any CPU
		{5FDF97CF-CBFC-40E0-892B-9C192E7A4CC8}.DebugHost|Mixed Platforms.ActiveCfg = Debug|Any CPU
		{5FDF97CF-CBFC-40E0-892B-9C192E7A4CC8}.DebugHost|Mixed Platforms.Build.0 = Debug|Any CPU
		{5FDF97CF-CBFC-40E0-892B-9C192E7A4CC8}.DebugHost|x86.ActiveCfg = Debug|Any CPU
		{5FDF97CF-CBFC-40E0-892B-9C192E7A4CC8}.Debug-Xml|Any CPU.ActiveCfg = Debug|Any CPU
		{5FDF97CF-CBFC-40E0-892B-9C192E7A4CC8}.Debug-Xml|Any CPU.Build.0 = Debug|Any CPU
		{5FDF97CF-CBFC-40E0-892B-9C192E7A4CC8}.Debug-Xml|Mixed Platforms.ActiveCfg = Debug|Any CPU
		{5FDF97CF-CBFC-40E0-892B-9C192E7A4CC8}.Debug-Xml|Mixed Platforms.Build.0 = Debug|Any CPU
		{5FDF97CF-CBFC-40E0-892B-9C192E7A4CC8}.Debug-Xml|x86.ActiveCfg = Debug|Any CPU
		{5FDF97CF-CBFC-40E0-892B-9C192E7A4CC8}.Release|Any CPU.ActiveCfg = Release|Any CPU
		{5FDF97CF-CBFC-40E0-892B-9C192E7A4CC8}.Release|Any CPU.Build.0 = Release|Any CPU
		{5FDF97CF-CBFC-40E0-892B-9C192E7A4CC8}.Release|Mixed Platforms.ActiveCfg = Release|Any CPU
		{5FDF97CF-CBFC-40E0-892B-9C192E7A4CC8}.Release|Mixed Platforms.Build.0 = Release|Any CPU
		{5FDF97CF-CBFC-40E0-892B-9C192E7A4CC8}.Release|x86.ActiveCfg = Release|Any CPU
		{5FDF97CF-CBFC-40E0-892B-9C192E7A4CC8}.Release-Xml|Any CPU.ActiveCfg = Release|Any CPU
		{5FDF97CF-CBFC-40E0-892B-9C192E7A4CC8}.Release-Xml|Any CPU.Build.0 = Release|Any CPU
		{5FDF97CF-CBFC-40E0-892B-9C192E7A4CC8}.Release-Xml|Mixed Platforms.ActiveCfg = Release|Any CPU
		{5FDF97CF-CBFC-40E0-892B-9C192E7A4CC8}.Release-Xml|Mixed Platforms.Build.0 = Release|Any CPU
		{5FDF97CF-CBFC-40E0-892B-9C192E7A4CC8}.Release-Xml|x86.ActiveCfg = Release|Any CPU
		{A801709E-18F1-4415-91C2-F6081512301C}.Debug|Any CPU.ActiveCfg = Debug|Any CPU
		{A801709E-18F1-4415-91C2-F6081512301C}.Debug|Any CPU.Build.0 = Debug|Any CPU
		{A801709E-18F1-4415-91C2-F6081512301C}.Debug|Mixed Platforms.ActiveCfg = Debug|Any CPU
		{A801709E-18F1-4415-91C2-F6081512301C}.Debug|Mixed Platforms.Build.0 = Debug|Any CPU
		{A801709E-18F1-4415-91C2-F6081512301C}.Debug|x86.ActiveCfg = Debug|x86
		{A801709E-18F1-4415-91C2-F6081512301C}.Debug|x86.Build.0 = Debug|x86
		{A801709E-18F1-4415-91C2-F6081512301C}.DebugHost|Any CPU.ActiveCfg = Debug|Any CPU
		{A801709E-18F1-4415-91C2-F6081512301C}.DebugHost|Any CPU.Build.0 = Debug|Any CPU
		{A801709E-18F1-4415-91C2-F6081512301C}.DebugHost|Mixed Platforms.ActiveCfg = Debug|Any CPU
		{A801709E-18F1-4415-91C2-F6081512301C}.DebugHost|Mixed Platforms.Build.0 = Debug|Any CPU
		{A801709E-18F1-4415-91C2-F6081512301C}.DebugHost|x86.ActiveCfg = Debug|Any CPU
		{A801709E-18F1-4415-91C2-F6081512301C}.Debug-Xml|Any CPU.ActiveCfg = Debug|Any CPU
		{A801709E-18F1-4415-91C2-F6081512301C}.Debug-Xml|Any CPU.Build.0 = Debug|Any CPU
		{A801709E-18F1-4415-91C2-F6081512301C}.Debug-Xml|Mixed Platforms.ActiveCfg = Debug|Any CPU
		{A801709E-18F1-4415-91C2-F6081512301C}.Debug-Xml|Mixed Platforms.Build.0 = Debug|Any CPU
		{A801709E-18F1-4415-91C2-F6081512301C}.Debug-Xml|x86.ActiveCfg = Debug|Any CPU
		{A801709E-18F1-4415-91C2-F6081512301C}.Release|Any CPU.ActiveCfg = Release|Any CPU
		{A801709E-18F1-4415-91C2-F6081512301C}.Release|Any CPU.Build.0 = Release|Any CPU
		{A801709E-18F1-4415-91C2-F6081512301C}.Release|Mixed Platforms.ActiveCfg = Release|Any CPU
		{A801709E-18F1-4415-91C2-F6081512301C}.Release|Mixed Platforms.Build.0 = Release|Any CPU
		{A801709E-18F1-4415-91C2-F6081512301C}.Release|x86.ActiveCfg = Release|x86
		{A801709E-18F1-4415-91C2-F6081512301C}.Release|x86.Build.0 = Release|x86
		{A801709E-18F1-4415-91C2-F6081512301C}.Release-Xml|Any CPU.ActiveCfg = Release|Any CPU
		{A801709E-18F1-4415-91C2-F6081512301C}.Release-Xml|Any CPU.Build.0 = Release|Any CPU
		{A801709E-18F1-4415-91C2-F6081512301C}.Release-Xml|Mixed Platforms.ActiveCfg = Release|Any CPU
		{A801709E-18F1-4415-91C2-F6081512301C}.Release-Xml|Mixed Platforms.Build.0 = Release|Any CPU
		{A801709E-18F1-4415-91C2-F6081512301C}.Release-Xml|x86.ActiveCfg = Release|Any CPU
		{FEEDE1C2-C196-4A85-98A3-A5547C4A8D93}.Debug|Any CPU.ActiveCfg = Debug|Any CPU
		{FEEDE1C2-C196-4A85-98A3-A5547C4A8D93}.Debug|Any CPU.Build.0 = Debug|Any CPU
		{FEEDE1C2-C196-4A85-98A3-A5547C4A8D93}.Debug|Mixed Platforms.ActiveCfg = Debug|Any CPU
		{FEEDE1C2-C196-4A85-98A3-A5547C4A8D93}.Debug|Mixed Platforms.Build.0 = Debug|Any CPU
		{FEEDE1C2-C196-4A85-98A3-A5547C4A8D93}.Debug|x86.ActiveCfg = Debug|Any CPU
		{FEEDE1C2-C196-4A85-98A3-A5547C4A8D93}.DebugHost|Any CPU.ActiveCfg = Debug|Any CPU
		{FEEDE1C2-C196-4A85-98A3-A5547C4A8D93}.DebugHost|Any CPU.Build.0 = Debug|Any CPU
		{FEEDE1C2-C196-4A85-98A3-A5547C4A8D93}.DebugHost|Mixed Platforms.ActiveCfg = Debug|Any CPU
		{FEEDE1C2-C196-4A85-98A3-A5547C4A8D93}.DebugHost|Mixed Platforms.Build.0 = Debug|Any CPU
		{FEEDE1C2-C196-4A85-98A3-A5547C4A8D93}.DebugHost|x86.ActiveCfg = Debug|Any CPU
		{FEEDE1C2-C196-4A85-98A3-A5547C4A8D93}.Debug-Xml|Any CPU.ActiveCfg = Debug|Any CPU
		{FEEDE1C2-C196-4A85-98A3-A5547C4A8D93}.Debug-Xml|Any CPU.Build.0 = Debug|Any CPU
		{FEEDE1C2-C196-4A85-98A3-A5547C4A8D93}.Debug-Xml|Mixed Platforms.ActiveCfg = Debug|Any CPU
		{FEEDE1C2-C196-4A85-98A3-A5547C4A8D93}.Debug-Xml|Mixed Platforms.Build.0 = Debug|Any CPU
		{FEEDE1C2-C196-4A85-98A3-A5547C4A8D93}.Debug-Xml|x86.ActiveCfg = Debug|Any CPU
		{FEEDE1C2-C196-4A85-98A3-A5547C4A8D93}.Release|Any CPU.ActiveCfg = Release|Any CPU
		{FEEDE1C2-C196-4A85-98A3-A5547C4A8D93}.Release|Any CPU.Build.0 = Release|Any CPU
		{FEEDE1C2-C196-4A85-98A3-A5547C4A8D93}.Release|Mixed Platforms.ActiveCfg = Release|Any CPU
		{FEEDE1C2-C196-4A85-98A3-A5547C4A8D93}.Release|Mixed Platforms.Build.0 = Release|Any CPU
		{FEEDE1C2-C196-4A85-98A3-A5547C4A8D93}.Release|x86.ActiveCfg = Release|Any CPU
		{FEEDE1C2-C196-4A85-98A3-A5547C4A8D93}.Release-Xml|Any CPU.ActiveCfg = Release|Any CPU
		{FEEDE1C2-C196-4A85-98A3-A5547C4A8D93}.Release-Xml|Any CPU.Build.0 = Release|Any CPU
		{FEEDE1C2-C196-4A85-98A3-A5547C4A8D93}.Release-Xml|Mixed Platforms.ActiveCfg = Release|Any CPU
		{FEEDE1C2-C196-4A85-98A3-A5547C4A8D93}.Release-Xml|Mixed Platforms.Build.0 = Release|Any CPU
		{FEEDE1C2-C196-4A85-98A3-A5547C4A8D93}.Release-Xml|x86.ActiveCfg = Release|Any CPU
		{1C76065F-1173-49A6-A402-5F42419992CB}.Debug|Any CPU.ActiveCfg = Debug|Any CPU
		{1C76065F-1173-49A6-A402-5F42419992CB}.Debug|Any CPU.Build.0 = Debug|Any CPU
		{1C76065F-1173-49A6-A402-5F42419992CB}.Debug|Mixed Platforms.ActiveCfg = Debug|Any CPU
		{1C76065F-1173-49A6-A402-5F42419992CB}.Debug|Mixed Platforms.Build.0 = Debug|Any CPU
		{1C76065F-1173-49A6-A402-5F42419992CB}.Debug|x86.ActiveCfg = Debug|Any CPU
		{1C76065F-1173-49A6-A402-5F42419992CB}.DebugHost|Any CPU.ActiveCfg = Debug|Any CPU
		{1C76065F-1173-49A6-A402-5F42419992CB}.DebugHost|Any CPU.Build.0 = Debug|Any CPU
		{1C76065F-1173-49A6-A402-5F42419992CB}.DebugHost|Mixed Platforms.ActiveCfg = Debug|Any CPU
		{1C76065F-1173-49A6-A402-5F42419992CB}.DebugHost|Mixed Platforms.Build.0 = Debug|Any CPU
		{1C76065F-1173-49A6-A402-5F42419992CB}.DebugHost|x86.ActiveCfg = Debug|Any CPU
		{1C76065F-1173-49A6-A402-5F42419992CB}.Debug-Xml|Any CPU.ActiveCfg = Debug|Any CPU
		{1C76065F-1173-49A6-A402-5F42419992CB}.Debug-Xml|Any CPU.Build.0 = Debug|Any CPU
		{1C76065F-1173-49A6-A402-5F42419992CB}.Debug-Xml|Mixed Platforms.ActiveCfg = Debug|Any CPU
		{1C76065F-1173-49A6-A402-5F42419992CB}.Debug-Xml|Mixed Platforms.Build.0 = Debug|Any CPU
		{1C76065F-1173-49A6-A402-5F42419992CB}.Debug-Xml|x86.ActiveCfg = Debug|Any CPU
		{1C76065F-1173-49A6-A402-5F42419992CB}.Release|Any CPU.ActiveCfg = Release|Any CPU
		{1C76065F-1173-49A6-A402-5F42419992CB}.Release|Any CPU.Build.0 = Release|Any CPU
		{1C76065F-1173-49A6-A402-5F42419992CB}.Release|Mixed Platforms.ActiveCfg = Release|Any CPU
		{1C76065F-1173-49A6-A402-5F42419992CB}.Release|Mixed Platforms.Build.0 = Release|Any CPU
		{1C76065F-1173-49A6-A402-5F42419992CB}.Release|x86.ActiveCfg = Release|Any CPU
		{1C76065F-1173-49A6-A402-5F42419992CB}.Release-Xml|Any CPU.ActiveCfg = Release|Any CPU
		{1C76065F-1173-49A6-A402-5F42419992CB}.Release-Xml|Any CPU.Build.0 = Release|Any CPU
		{1C76065F-1173-49A6-A402-5F42419992CB}.Release-Xml|Mixed Platforms.ActiveCfg = Release|Any CPU
		{1C76065F-1173-49A6-A402-5F42419992CB}.Release-Xml|Mixed Platforms.Build.0 = Release|Any CPU
		{1C76065F-1173-49A6-A402-5F42419992CB}.Release-Xml|x86.ActiveCfg = Release|Any CPU
		{1E7E1452-5109-4900-8D54-ECD3C9DE4565}.Debug|Any CPU.ActiveCfg = Debug|Any CPU
		{1E7E1452-5109-4900-8D54-ECD3C9DE4565}.Debug|Any CPU.Build.0 = Debug|Any CPU
		{1E7E1452-5109-4900-8D54-ECD3C9DE4565}.Debug|Mixed Platforms.ActiveCfg = Debug|x86
		{1E7E1452-5109-4900-8D54-ECD3C9DE4565}.Debug|Mixed Platforms.Build.0 = Debug|x86
		{1E7E1452-5109-4900-8D54-ECD3C9DE4565}.Debug|x86.ActiveCfg = Debug|x86
		{1E7E1452-5109-4900-8D54-ECD3C9DE4565}.Debug|x86.Build.0 = Debug|x86
		{1E7E1452-5109-4900-8D54-ECD3C9DE4565}.DebugHost|Any CPU.ActiveCfg = Debug|x86
		{1E7E1452-5109-4900-8D54-ECD3C9DE4565}.DebugHost|Mixed Platforms.ActiveCfg = Debug|x86
		{1E7E1452-5109-4900-8D54-ECD3C9DE4565}.DebugHost|Mixed Platforms.Build.0 = Debug|x86
		{1E7E1452-5109-4900-8D54-ECD3C9DE4565}.DebugHost|x86.ActiveCfg = Debug|x86
		{1E7E1452-5109-4900-8D54-ECD3C9DE4565}.DebugHost|x86.Build.0 = Debug|x86
		{1E7E1452-5109-4900-8D54-ECD3C9DE4565}.Debug-Xml|Any CPU.ActiveCfg = Debug|Any CPU
		{1E7E1452-5109-4900-8D54-ECD3C9DE4565}.Debug-Xml|Any CPU.Build.0 = Debug|Any CPU
		{1E7E1452-5109-4900-8D54-ECD3C9DE4565}.Debug-Xml|Mixed Platforms.ActiveCfg = Debug|Any CPU
		{1E7E1452-5109-4900-8D54-ECD3C9DE4565}.Debug-Xml|Mixed Platforms.Build.0 = Debug|Any CPU
		{1E7E1452-5109-4900-8D54-ECD3C9DE4565}.Debug-Xml|x86.ActiveCfg = Debug|Any CPU
		{1E7E1452-5109-4900-8D54-ECD3C9DE4565}.Release|Any CPU.ActiveCfg = Release|x86
		{1E7E1452-5109-4900-8D54-ECD3C9DE4565}.Release|Mixed Platforms.ActiveCfg = Release|x86
		{1E7E1452-5109-4900-8D54-ECD3C9DE4565}.Release|Mixed Platforms.Build.0 = Release|x86
		{1E7E1452-5109-4900-8D54-ECD3C9DE4565}.Release|x86.ActiveCfg = Release|x86
		{1E7E1452-5109-4900-8D54-ECD3C9DE4565}.Release|x86.Build.0 = Release|x86
		{1E7E1452-5109-4900-8D54-ECD3C9DE4565}.Release-Xml|Any CPU.ActiveCfg = Release|Any CPU
		{1E7E1452-5109-4900-8D54-ECD3C9DE4565}.Release-Xml|Any CPU.Build.0 = Release|Any CPU
		{1E7E1452-5109-4900-8D54-ECD3C9DE4565}.Release-Xml|Mixed Platforms.ActiveCfg = Release|Any CPU
		{1E7E1452-5109-4900-8D54-ECD3C9DE4565}.Release-Xml|Mixed Platforms.Build.0 = Release|Any CPU
		{1E7E1452-5109-4900-8D54-ECD3C9DE4565}.Release-Xml|x86.ActiveCfg = Release|Any CPU
		{100447FB-8D38-4EB0-8A97-B5DB6ECDBAA2}.Debug|Any CPU.ActiveCfg = Debug|Any CPU
		{100447FB-8D38-4EB0-8A97-B5DB6ECDBAA2}.Debug|Any CPU.Build.0 = Debug|Any CPU
		{100447FB-8D38-4EB0-8A97-B5DB6ECDBAA2}.Debug|Mixed Platforms.ActiveCfg = Debug|Any CPU
		{100447FB-8D38-4EB0-8A97-B5DB6ECDBAA2}.Debug|Mixed Platforms.Build.0 = Debug|Any CPU
		{100447FB-8D38-4EB0-8A97-B5DB6ECDBAA2}.Debug|x86.ActiveCfg = Debug|Any CPU
		{100447FB-8D38-4EB0-8A97-B5DB6ECDBAA2}.DebugHost|Any CPU.ActiveCfg = Debug|Any CPU
		{100447FB-8D38-4EB0-8A97-B5DB6ECDBAA2}.DebugHost|Any CPU.Build.0 = Debug|Any CPU
		{100447FB-8D38-4EB0-8A97-B5DB6ECDBAA2}.DebugHost|Mixed Platforms.ActiveCfg = Debug|Any CPU
		{100447FB-8D38-4EB0-8A97-B5DB6ECDBAA2}.DebugHost|Mixed Platforms.Build.0 = Debug|Any CPU
		{100447FB-8D38-4EB0-8A97-B5DB6ECDBAA2}.DebugHost|x86.ActiveCfg = Debug|Any CPU
		{100447FB-8D38-4EB0-8A97-B5DB6ECDBAA2}.Debug-Xml|Any CPU.ActiveCfg = Debug|Any CPU
		{100447FB-8D38-4EB0-8A97-B5DB6ECDBAA2}.Debug-Xml|Any CPU.Build.0 = Debug|Any CPU
		{100447FB-8D38-4EB0-8A97-B5DB6ECDBAA2}.Debug-Xml|Mixed Platforms.ActiveCfg = Debug|Any CPU
		{100447FB-8D38-4EB0-8A97-B5DB6ECDBAA2}.Debug-Xml|Mixed Platforms.Build.0 = Debug|Any CPU
		{100447FB-8D38-4EB0-8A97-B5DB6ECDBAA2}.Debug-Xml|x86.ActiveCfg = Debug|Any CPU
		{100447FB-8D38-4EB0-8A97-B5DB6ECDBAA2}.Release|Any CPU.ActiveCfg = Release|Any CPU
		{100447FB-8D38-4EB0-8A97-B5DB6ECDBAA2}.Release|Any CPU.Build.0 = Release|Any CPU
		{100447FB-8D38-4EB0-8A97-B5DB6ECDBAA2}.Release|Mixed Platforms.ActiveCfg = Release|Any CPU
		{100447FB-8D38-4EB0-8A97-B5DB6ECDBAA2}.Release|Mixed Platforms.Build.0 = Release|Any CPU
		{100447FB-8D38-4EB0-8A97-B5DB6ECDBAA2}.Release|x86.ActiveCfg = Release|Any CPU
		{100447FB-8D38-4EB0-8A97-B5DB6ECDBAA2}.Release-Xml|Any CPU.ActiveCfg = Release|Any CPU
		{100447FB-8D38-4EB0-8A97-B5DB6ECDBAA2}.Release-Xml|Any CPU.Build.0 = Release|Any CPU
		{100447FB-8D38-4EB0-8A97-B5DB6ECDBAA2}.Release-Xml|Mixed Platforms.ActiveCfg = Release|Any CPU
		{100447FB-8D38-4EB0-8A97-B5DB6ECDBAA2}.Release-Xml|Mixed Platforms.Build.0 = Release|Any CPU
		{100447FB-8D38-4EB0-8A97-B5DB6ECDBAA2}.Release-Xml|x86.ActiveCfg = Release|Any CPU
		{AD36B6B1-D676-40AD-BABE-9F6D6EE926C9}.Debug|Any CPU.ActiveCfg = Debug|Any CPU
		{AD36B6B1-D676-40AD-BABE-9F6D6EE926C9}.Debug|Any CPU.Build.0 = Debug|Any CPU
		{AD36B6B1-D676-40AD-BABE-9F6D6EE926C9}.Debug|Mixed Platforms.ActiveCfg = Debug|Any CPU
		{AD36B6B1-D676-40AD-BABE-9F6D6EE926C9}.Debug|Mixed Platforms.Build.0 = Debug|Any CPU
		{AD36B6B1-D676-40AD-BABE-9F6D6EE926C9}.Debug|x86.ActiveCfg = Debug|Any CPU
		{AD36B6B1-D676-40AD-BABE-9F6D6EE926C9}.DebugHost|Any CPU.ActiveCfg = Debug-Xml|Any CPU
		{AD36B6B1-D676-40AD-BABE-9F6D6EE926C9}.DebugHost|Any CPU.Build.0 = Debug-Xml|Any CPU
		{AD36B6B1-D676-40AD-BABE-9F6D6EE926C9}.DebugHost|Mixed Platforms.ActiveCfg = Debug-Xml|Any CPU
		{AD36B6B1-D676-40AD-BABE-9F6D6EE926C9}.DebugHost|Mixed Platforms.Build.0 = Debug-Xml|Any CPU
		{AD36B6B1-D676-40AD-BABE-9F6D6EE926C9}.DebugHost|x86.ActiveCfg = Debug-Xml|Any CPU
		{AD36B6B1-D676-40AD-BABE-9F6D6EE926C9}.Debug-Xml|Any CPU.ActiveCfg = Debug-Xml|Any CPU
		{AD36B6B1-D676-40AD-BABE-9F6D6EE926C9}.Debug-Xml|Any CPU.Build.0 = Debug-Xml|Any CPU
		{AD36B6B1-D676-40AD-BABE-9F6D6EE926C9}.Debug-Xml|Mixed Platforms.ActiveCfg = Debug-Xml|Any CPU
		{AD36B6B1-D676-40AD-BABE-9F6D6EE926C9}.Debug-Xml|Mixed Platforms.Build.0 = Debug-Xml|Any CPU
		{AD36B6B1-D676-40AD-BABE-9F6D6EE926C9}.Debug-Xml|x86.ActiveCfg = Debug-Xml|Any CPU
		{AD36B6B1-D676-40AD-BABE-9F6D6EE926C9}.Release|Any CPU.ActiveCfg = Release|Any CPU
		{AD36B6B1-D676-40AD-BABE-9F6D6EE926C9}.Release|Any CPU.Build.0 = Release|Any CPU
		{AD36B6B1-D676-40AD-BABE-9F6D6EE926C9}.Release|Mixed Platforms.ActiveCfg = Release|Any CPU
		{AD36B6B1-D676-40AD-BABE-9F6D6EE926C9}.Release|Mixed Platforms.Build.0 = Release|Any CPU
		{AD36B6B1-D676-40AD-BABE-9F6D6EE926C9}.Release|x86.ActiveCfg = Release|Any CPU
		{AD36B6B1-D676-40AD-BABE-9F6D6EE926C9}.Release-Xml|Any CPU.ActiveCfg = Release-Xml|Any CPU
		{AD36B6B1-D676-40AD-BABE-9F6D6EE926C9}.Release-Xml|Any CPU.Build.0 = Release-Xml|Any CPU
		{AD36B6B1-D676-40AD-BABE-9F6D6EE926C9}.Release-Xml|Mixed Platforms.ActiveCfg = Release-Xml|Any CPU
		{AD36B6B1-D676-40AD-BABE-9F6D6EE926C9}.Release-Xml|Mixed Platforms.Build.0 = Release-Xml|Any CPU
		{AD36B6B1-D676-40AD-BABE-9F6D6EE926C9}.Release-Xml|x86.ActiveCfg = Release-Xml|Any CPU
		{F19EA870-B3B9-4F9F-ADDC-BBD885FE56A9}.Debug|Any CPU.ActiveCfg = Debug|Any CPU
		{F19EA870-B3B9-4F9F-ADDC-BBD885FE56A9}.Debug|Any CPU.Build.0 = Debug|Any CPU
		{F19EA870-B3B9-4F9F-ADDC-BBD885FE56A9}.Debug|Mixed Platforms.ActiveCfg = Debug|Any CPU
		{F19EA870-B3B9-4F9F-ADDC-BBD885FE56A9}.Debug|Mixed Platforms.Build.0 = Debug|Any CPU
		{F19EA870-B3B9-4F9F-ADDC-BBD885FE56A9}.Debug|x86.ActiveCfg = Debug|Any CPU
		{F19EA870-B3B9-4F9F-ADDC-BBD885FE56A9}.DebugHost|Any CPU.ActiveCfg = Debug-Xml|Any CPU
		{F19EA870-B3B9-4F9F-ADDC-BBD885FE56A9}.DebugHost|Any CPU.Build.0 = Debug-Xml|Any CPU
		{F19EA870-B3B9-4F9F-ADDC-BBD885FE56A9}.DebugHost|Mixed Platforms.ActiveCfg = Debug-Xml|Any CPU
		{F19EA870-B3B9-4F9F-ADDC-BBD885FE56A9}.DebugHost|Mixed Platforms.Build.0 = Debug-Xml|Any CPU
		{F19EA870-B3B9-4F9F-ADDC-BBD885FE56A9}.DebugHost|x86.ActiveCfg = Debug-Xml|Any CPU
		{F19EA870-B3B9-4F9F-ADDC-BBD885FE56A9}.Debug-Xml|Any CPU.ActiveCfg = Debug-Xml|Any CPU
		{F19EA870-B3B9-4F9F-ADDC-BBD885FE56A9}.Debug-Xml|Any CPU.Build.0 = Debug-Xml|Any CPU
		{F19EA870-B3B9-4F9F-ADDC-BBD885FE56A9}.Debug-Xml|Mixed Platforms.ActiveCfg = Debug-Xml|Any CPU
		{F19EA870-B3B9-4F9F-ADDC-BBD885FE56A9}.Debug-Xml|Mixed Platforms.Build.0 = Debug-Xml|Any CPU
		{F19EA870-B3B9-4F9F-ADDC-BBD885FE56A9}.Debug-Xml|x86.ActiveCfg = Debug-Xml|Any CPU
		{F19EA870-B3B9-4F9F-ADDC-BBD885FE56A9}.Release|Any CPU.ActiveCfg = Release|Any CPU
		{F19EA870-B3B9-4F9F-ADDC-BBD885FE56A9}.Release|Any CPU.Build.0 = Release|Any CPU
		{F19EA870-B3B9-4F9F-ADDC-BBD885FE56A9}.Release|Mixed Platforms.ActiveCfg = Release|Any CPU
		{F19EA870-B3B9-4F9F-ADDC-BBD885FE56A9}.Release|Mixed Platforms.Build.0 = Release|Any CPU
		{F19EA870-B3B9-4F9F-ADDC-BBD885FE56A9}.Release|x86.ActiveCfg = Release|Any CPU
		{F19EA870-B3B9-4F9F-ADDC-BBD885FE56A9}.Release-Xml|Any CPU.ActiveCfg = Release-Xml|Any CPU
		{F19EA870-B3B9-4F9F-ADDC-BBD885FE56A9}.Release-Xml|Any CPU.Build.0 = Release-Xml|Any CPU
		{F19EA870-B3B9-4F9F-ADDC-BBD885FE56A9}.Release-Xml|Mixed Platforms.ActiveCfg = Release-Xml|Any CPU
		{F19EA870-B3B9-4F9F-ADDC-BBD885FE56A9}.Release-Xml|Mixed Platforms.Build.0 = Release-Xml|Any CPU
		{F19EA870-B3B9-4F9F-ADDC-BBD885FE56A9}.Release-Xml|x86.ActiveCfg = Release-Xml|Any CPU
		{639B80BD-E20F-4655-B043-D75EA3106537}.Debug|Any CPU.ActiveCfg = Debug|Any CPU
		{639B80BD-E20F-4655-B043-D75EA3106537}.Debug|Any CPU.Build.0 = Debug|Any CPU
		{639B80BD-E20F-4655-B043-D75EA3106537}.Debug|Mixed Platforms.ActiveCfg = Debug|x86
		{639B80BD-E20F-4655-B043-D75EA3106537}.Debug|Mixed Platforms.Build.0 = Debug|x86
		{639B80BD-E20F-4655-B043-D75EA3106537}.Debug|x86.ActiveCfg = Debug|x86
		{639B80BD-E20F-4655-B043-D75EA3106537}.Debug|x86.Build.0 = Debug|x86
		{639B80BD-E20F-4655-B043-D75EA3106537}.DebugHost|Any CPU.ActiveCfg = Debug|x86
		{639B80BD-E20F-4655-B043-D75EA3106537}.DebugHost|Mixed Platforms.ActiveCfg = Debug|x86
		{639B80BD-E20F-4655-B043-D75EA3106537}.DebugHost|Mixed Platforms.Build.0 = Debug|x86
		{639B80BD-E20F-4655-B043-D75EA3106537}.DebugHost|x86.ActiveCfg = Debug|x86
		{639B80BD-E20F-4655-B043-D75EA3106537}.DebugHost|x86.Build.0 = Debug|x86
		{639B80BD-E20F-4655-B043-D75EA3106537}.Debug-Xml|Any CPU.ActiveCfg = Debug|x86
		{639B80BD-E20F-4655-B043-D75EA3106537}.Debug-Xml|Mixed Platforms.ActiveCfg = Debug|x86
		{639B80BD-E20F-4655-B043-D75EA3106537}.Debug-Xml|Mixed Platforms.Build.0 = Debug|x86
		{639B80BD-E20F-4655-B043-D75EA3106537}.Debug-Xml|x86.ActiveCfg = Debug|x86
		{639B80BD-E20F-4655-B043-D75EA3106537}.Debug-Xml|x86.Build.0 = Debug|x86
		{639B80BD-E20F-4655-B043-D75EA3106537}.Release|Any CPU.ActiveCfg = Release|x86
		{639B80BD-E20F-4655-B043-D75EA3106537}.Release|Mixed Platforms.ActiveCfg = Release|x86
		{639B80BD-E20F-4655-B043-D75EA3106537}.Release|Mixed Platforms.Build.0 = Release|x86
		{639B80BD-E20F-4655-B043-D75EA3106537}.Release|x86.ActiveCfg = Release|x86
		{639B80BD-E20F-4655-B043-D75EA3106537}.Release|x86.Build.0 = Release|x86
		{639B80BD-E20F-4655-B043-D75EA3106537}.Release-Xml|Any CPU.ActiveCfg = Release|x86
		{639B80BD-E20F-4655-B043-D75EA3106537}.Release-Xml|Mixed Platforms.ActiveCfg = Release|x86
		{639B80BD-E20F-4655-B043-D75EA3106537}.Release-Xml|Mixed Platforms.Build.0 = Release|x86
		{639B80BD-E20F-4655-B043-D75EA3106537}.Release-Xml|x86.ActiveCfg = Release|x86
		{639B80BD-E20F-4655-B043-D75EA3106537}.Release-Xml|x86.Build.0 = Release|x86
		{FFA56255-260A-48EC-9892-271C61AFE4FD}.Debug|Any CPU.ActiveCfg = Debug|Any CPU
		{FFA56255-260A-48EC-9892-271C61AFE4FD}.Debug|Any CPU.Build.0 = Debug|Any CPU
		{FFA56255-260A-48EC-9892-271C61AFE4FD}.Debug|Mixed Platforms.ActiveCfg = Debug|Any CPU
		{FFA56255-260A-48EC-9892-271C61AFE4FD}.Debug|Mixed Platforms.Build.0 = Debug|Any CPU
		{FFA56255-260A-48EC-9892-271C61AFE4FD}.Debug|x86.ActiveCfg = Debug|Any CPU
		{FFA56255-260A-48EC-9892-271C61AFE4FD}.DebugHost|Any CPU.ActiveCfg = Debug|Any CPU
		{FFA56255-260A-48EC-9892-271C61AFE4FD}.DebugHost|Any CPU.Build.0 = Debug|Any CPU
		{FFA56255-260A-48EC-9892-271C61AFE4FD}.DebugHost|Mixed Platforms.ActiveCfg = Debug|Any CPU
		{FFA56255-260A-48EC-9892-271C61AFE4FD}.DebugHost|Mixed Platforms.Build.0 = Debug|Any CPU
		{FFA56255-260A-48EC-9892-271C61AFE4FD}.DebugHost|x86.ActiveCfg = Debug|Any CPU
		{FFA56255-260A-48EC-9892-271C61AFE4FD}.Debug-Xml|Any CPU.ActiveCfg = Debug|Any CPU
		{FFA56255-260A-48EC-9892-271C61AFE4FD}.Debug-Xml|Any CPU.Build.0 = Debug|Any CPU
		{FFA56255-260A-48EC-9892-271C61AFE4FD}.Debug-Xml|Mixed Platforms.ActiveCfg = Debug|Any CPU
		{FFA56255-260A-48EC-9892-271C61AFE4FD}.Debug-Xml|Mixed Platforms.Build.0 = Debug|Any CPU
		{FFA56255-260A-48EC-9892-271C61AFE4FD}.Debug-Xml|x86.ActiveCfg = Debug|Any CPU
		{FFA56255-260A-48EC-9892-271C61AFE4FD}.Release|Any CPU.ActiveCfg = Release|Any CPU
		{FFA56255-260A-48EC-9892-271C61AFE4FD}.Release|Any CPU.Build.0 = Release|Any CPU
		{FFA56255-260A-48EC-9892-271C61AFE4FD}.Release|Mixed Platforms.ActiveCfg = Release|Any CPU
		{FFA56255-260A-48EC-9892-271C61AFE4FD}.Release|Mixed Platforms.Build.0 = Release|Any CPU
		{FFA56255-260A-48EC-9892-271C61AFE4FD}.Release|x86.ActiveCfg = Release|Any CPU
		{FFA56255-260A-48EC-9892-271C61AFE4FD}.Release-Xml|Any CPU.ActiveCfg = Release|Any CPU
		{FFA56255-260A-48EC-9892-271C61AFE4FD}.Release-Xml|Any CPU.Build.0 = Release|Any CPU
		{FFA56255-260A-48EC-9892-271C61AFE4FD}.Release-Xml|Mixed Platforms.ActiveCfg = Release|Any CPU
		{FFA56255-260A-48EC-9892-271C61AFE4FD}.Release-Xml|Mixed Platforms.Build.0 = Release|Any CPU
		{FFA56255-260A-48EC-9892-271C61AFE4FD}.Release-Xml|x86.ActiveCfg = Release|Any CPU
		{CA8BE109-231B-49B6-8EFA-4F49EB132705}.Debug|Any CPU.ActiveCfg = Debug|x86
		{CA8BE109-231B-49B6-8EFA-4F49EB132705}.Debug|Any CPU.Build.0 = Debug|x86
		{CA8BE109-231B-49B6-8EFA-4F49EB132705}.Debug|Mixed Platforms.ActiveCfg = Debug|x86
		{CA8BE109-231B-49B6-8EFA-4F49EB132705}.Debug|Mixed Platforms.Build.0 = Debug|x86
		{CA8BE109-231B-49B6-8EFA-4F49EB132705}.Debug|x86.ActiveCfg = Debug|x86
		{CA8BE109-231B-49B6-8EFA-4F49EB132705}.Debug|x86.Build.0 = Debug|x86
		{CA8BE109-231B-49B6-8EFA-4F49EB132705}.DebugHost|Any CPU.ActiveCfg = Debug|x86
		{CA8BE109-231B-49B6-8EFA-4F49EB132705}.DebugHost|Mixed Platforms.ActiveCfg = Debug|x86
		{CA8BE109-231B-49B6-8EFA-4F49EB132705}.DebugHost|Mixed Platforms.Build.0 = Debug|x86
		{CA8BE109-231B-49B6-8EFA-4F49EB132705}.DebugHost|x86.ActiveCfg = Debug|x86
		{CA8BE109-231B-49B6-8EFA-4F49EB132705}.DebugHost|x86.Build.0 = Debug|x86
		{CA8BE109-231B-49B6-8EFA-4F49EB132705}.Debug-Xml|Any CPU.ActiveCfg = Debug|x86
		{CA8BE109-231B-49B6-8EFA-4F49EB132705}.Debug-Xml|Mixed Platforms.ActiveCfg = Debug|x86
		{CA8BE109-231B-49B6-8EFA-4F49EB132705}.Debug-Xml|Mixed Platforms.Build.0 = Debug|x86
		{CA8BE109-231B-49B6-8EFA-4F49EB132705}.Debug-Xml|x86.ActiveCfg = Debug|x86
		{CA8BE109-231B-49B6-8EFA-4F49EB132705}.Debug-Xml|x86.Build.0 = Debug|x86
		{CA8BE109-231B-49B6-8EFA-4F49EB132705}.Release|Any CPU.ActiveCfg = Release|x86
		{CA8BE109-231B-49B6-8EFA-4F49EB132705}.Release|Mixed Platforms.ActiveCfg = Release|x86
		{CA8BE109-231B-49B6-8EFA-4F49EB132705}.Release|Mixed Platforms.Build.0 = Release|x86
		{CA8BE109-231B-49B6-8EFA-4F49EB132705}.Release|x86.ActiveCfg = Release|x86
		{CA8BE109-231B-49B6-8EFA-4F49EB132705}.Release|x86.Build.0 = Release|x86
		{CA8BE109-231B-49B6-8EFA-4F49EB132705}.Release-Xml|Any CPU.ActiveCfg = Release|x86
		{CA8BE109-231B-49B6-8EFA-4F49EB132705}.Release-Xml|Mixed Platforms.ActiveCfg = Release|x86
		{CA8BE109-231B-49B6-8EFA-4F49EB132705}.Release-Xml|Mixed Platforms.Build.0 = Release|x86
		{CA8BE109-231B-49B6-8EFA-4F49EB132705}.Release-Xml|x86.ActiveCfg = Release|x86
		{CA8BE109-231B-49B6-8EFA-4F49EB132705}.Release-Xml|x86.Build.0 = Release|x86
		{6B4638BB-2115-4AE5-B74B-FD8631905D4B}.Debug|Any CPU.ActiveCfg = Debug|Any CPU
		{6B4638BB-2115-4AE5-B74B-FD8631905D4B}.Debug|Any CPU.Build.0 = Debug|Any CPU
		{6B4638BB-2115-4AE5-B74B-FD8631905D4B}.Debug|Mixed Platforms.ActiveCfg = Debug|x86
		{6B4638BB-2115-4AE5-B74B-FD8631905D4B}.Debug|Mixed Platforms.Build.0 = Debug|x86
		{6B4638BB-2115-4AE5-B74B-FD8631905D4B}.Debug|x86.ActiveCfg = Debug|x86
		{6B4638BB-2115-4AE5-B74B-FD8631905D4B}.Debug|x86.Build.0 = Debug|x86
		{6B4638BB-2115-4AE5-B74B-FD8631905D4B}.DebugHost|Any CPU.ActiveCfg = Debug|x86
		{6B4638BB-2115-4AE5-B74B-FD8631905D4B}.DebugHost|Mixed Platforms.ActiveCfg = Debug|x86
		{6B4638BB-2115-4AE5-B74B-FD8631905D4B}.DebugHost|Mixed Platforms.Build.0 = Debug|x86
		{6B4638BB-2115-4AE5-B74B-FD8631905D4B}.DebugHost|x86.ActiveCfg = Debug|x86
		{6B4638BB-2115-4AE5-B74B-FD8631905D4B}.DebugHost|x86.Build.0 = Debug|x86
		{6B4638BB-2115-4AE5-B74B-FD8631905D4B}.Debug-Xml|Any CPU.ActiveCfg = Debug|x86
		{6B4638BB-2115-4AE5-B74B-FD8631905D4B}.Debug-Xml|Mixed Platforms.ActiveCfg = Debug|x86
		{6B4638BB-2115-4AE5-B74B-FD8631905D4B}.Debug-Xml|Mixed Platforms.Build.0 = Debug|x86
		{6B4638BB-2115-4AE5-B74B-FD8631905D4B}.Debug-Xml|x86.ActiveCfg = Debug|x86
		{6B4638BB-2115-4AE5-B74B-FD8631905D4B}.Debug-Xml|x86.Build.0 = Debug|x86
		{6B4638BB-2115-4AE5-B74B-FD8631905D4B}.Release|Any CPU.ActiveCfg = Release|x86
		{6B4638BB-2115-4AE5-B74B-FD8631905D4B}.Release|Mixed Platforms.ActiveCfg = Release|x86
		{6B4638BB-2115-4AE5-B74B-FD8631905D4B}.Release|Mixed Platforms.Build.0 = Release|x86
		{6B4638BB-2115-4AE5-B74B-FD8631905D4B}.Release|x86.ActiveCfg = Release|x86
		{6B4638BB-2115-4AE5-B74B-FD8631905D4B}.Release|x86.Build.0 = Release|x86
		{6B4638BB-2115-4AE5-B74B-FD8631905D4B}.Release-Xml|Any CPU.ActiveCfg = Release|x86
		{6B4638BB-2115-4AE5-B74B-FD8631905D4B}.Release-Xml|Mixed Platforms.ActiveCfg = Release|x86
		{6B4638BB-2115-4AE5-B74B-FD8631905D4B}.Release-Xml|Mixed Platforms.Build.0 = Release|x86
		{6B4638BB-2115-4AE5-B74B-FD8631905D4B}.Release-Xml|x86.ActiveCfg = Release|x86
		{6B4638BB-2115-4AE5-B74B-FD8631905D4B}.Release-Xml|x86.Build.0 = Release|x86
		{E491EB15-8312-45B5-BC93-275D24B0D13D}.Debug|Any CPU.ActiveCfg = Debug|Any CPU
		{E491EB15-8312-45B5-BC93-275D24B0D13D}.Debug|Any CPU.Build.0 = Debug|Any CPU
		{E491EB15-8312-45B5-BC93-275D24B0D13D}.Debug|Mixed Platforms.ActiveCfg = Debug|Any CPU
		{E491EB15-8312-45B5-BC93-275D24B0D13D}.Debug|Mixed Platforms.Build.0 = Debug|Any CPU
		{E491EB15-8312-45B5-BC93-275D24B0D13D}.Debug|x86.ActiveCfg = Debug|Any CPU
		{E491EB15-8312-45B5-BC93-275D24B0D13D}.DebugHost|Any CPU.ActiveCfg = Debug|Any CPU
		{E491EB15-8312-45B5-BC93-275D24B0D13D}.DebugHost|Any CPU.Build.0 = Debug|Any CPU
		{E491EB15-8312-45B5-BC93-275D24B0D13D}.DebugHost|Mixed Platforms.ActiveCfg = Debug|Any CPU
		{E491EB15-8312-45B5-BC93-275D24B0D13D}.DebugHost|Mixed Platforms.Build.0 = Debug|Any CPU
		{E491EB15-8312-45B5-BC93-275D24B0D13D}.DebugHost|x86.ActiveCfg = Debug|Any CPU
		{E491EB15-8312-45B5-BC93-275D24B0D13D}.Debug-Xml|Any CPU.ActiveCfg = Debug|Any CPU
		{E491EB15-8312-45B5-BC93-275D24B0D13D}.Debug-Xml|Any CPU.Build.0 = Debug|Any CPU
		{E491EB15-8312-45B5-BC93-275D24B0D13D}.Debug-Xml|Mixed Platforms.ActiveCfg = Debug|Any CPU
		{E491EB15-8312-45B5-BC93-275D24B0D13D}.Debug-Xml|Mixed Platforms.Build.0 = Debug|Any CPU
		{E491EB15-8312-45B5-BC93-275D24B0D13D}.Debug-Xml|x86.ActiveCfg = Debug|Any CPU
		{E491EB15-8312-45B5-BC93-275D24B0D13D}.Release|Any CPU.ActiveCfg = Release|Any CPU
		{E491EB15-8312-45B5-BC93-275D24B0D13D}.Release|Any CPU.Build.0 = Release|Any CPU
		{E491EB15-8312-45B5-BC93-275D24B0D13D}.Release|Mixed Platforms.ActiveCfg = Release|Any CPU
		{E491EB15-8312-45B5-BC93-275D24B0D13D}.Release|Mixed Platforms.Build.0 = Release|Any CPU
		{E491EB15-8312-45B5-BC93-275D24B0D13D}.Release|x86.ActiveCfg = Release|Any CPU
		{E491EB15-8312-45B5-BC93-275D24B0D13D}.Release-Xml|Any CPU.ActiveCfg = Release|Any CPU
		{E491EB15-8312-45B5-BC93-275D24B0D13D}.Release-Xml|Any CPU.Build.0 = Release|Any CPU
		{E491EB15-8312-45B5-BC93-275D24B0D13D}.Release-Xml|Mixed Platforms.ActiveCfg = Release|Any CPU
		{E491EB15-8312-45B5-BC93-275D24B0D13D}.Release-Xml|Mixed Platforms.Build.0 = Release|Any CPU
		{E491EB15-8312-45B5-BC93-275D24B0D13D}.Release-Xml|x86.ActiveCfg = Release|Any CPU
		{F2BC544D-1583-4219-9A23-C21FE744CB08}.Debug|Any CPU.ActiveCfg = Debug|Any CPU
		{F2BC544D-1583-4219-9A23-C21FE744CB08}.Debug|Any CPU.Build.0 = Debug|Any CPU
		{F2BC544D-1583-4219-9A23-C21FE744CB08}.Debug|Mixed Platforms.ActiveCfg = Debug|Any CPU
		{F2BC544D-1583-4219-9A23-C21FE744CB08}.Debug|Mixed Platforms.Build.0 = Debug|Any CPU
		{F2BC544D-1583-4219-9A23-C21FE744CB08}.Debug|x86.ActiveCfg = Debug|Any CPU
		{F2BC544D-1583-4219-9A23-C21FE744CB08}.DebugHost|Any CPU.ActiveCfg = Debug|Any CPU
		{F2BC544D-1583-4219-9A23-C21FE744CB08}.DebugHost|Any CPU.Build.0 = Debug|Any CPU
		{F2BC544D-1583-4219-9A23-C21FE744CB08}.DebugHost|Mixed Platforms.ActiveCfg = Debug|Any CPU
		{F2BC544D-1583-4219-9A23-C21FE744CB08}.DebugHost|Mixed Platforms.Build.0 = Debug|Any CPU
		{F2BC544D-1583-4219-9A23-C21FE744CB08}.DebugHost|x86.ActiveCfg = Debug|Any CPU
		{F2BC544D-1583-4219-9A23-C21FE744CB08}.Debug-Xml|Any CPU.ActiveCfg = Debug|Any CPU
		{F2BC544D-1583-4219-9A23-C21FE744CB08}.Debug-Xml|Any CPU.Build.0 = Debug|Any CPU
		{F2BC544D-1583-4219-9A23-C21FE744CB08}.Debug-Xml|Mixed Platforms.ActiveCfg = Debug|Any CPU
		{F2BC544D-1583-4219-9A23-C21FE744CB08}.Debug-Xml|Mixed Platforms.Build.0 = Debug|Any CPU
		{F2BC544D-1583-4219-9A23-C21FE744CB08}.Debug-Xml|x86.ActiveCfg = Debug|Any CPU
		{F2BC544D-1583-4219-9A23-C21FE744CB08}.Release|Any CPU.ActiveCfg = Release|Any CPU
		{F2BC544D-1583-4219-9A23-C21FE744CB08}.Release|Any CPU.Build.0 = Release|Any CPU
		{F2BC544D-1583-4219-9A23-C21FE744CB08}.Release|Mixed Platforms.ActiveCfg = Release|Any CPU
		{F2BC544D-1583-4219-9A23-C21FE744CB08}.Release|Mixed Platforms.Build.0 = Release|Any CPU
		{F2BC544D-1583-4219-9A23-C21FE744CB08}.Release|x86.ActiveCfg = Release|Any CPU
		{F2BC544D-1583-4219-9A23-C21FE744CB08}.Release-Xml|Any CPU.ActiveCfg = Release|Any CPU
		{F2BC544D-1583-4219-9A23-C21FE744CB08}.Release-Xml|Any CPU.Build.0 = Release|Any CPU
		{F2BC544D-1583-4219-9A23-C21FE744CB08}.Release-Xml|Mixed Platforms.ActiveCfg = Release|Any CPU
		{F2BC544D-1583-4219-9A23-C21FE744CB08}.Release-Xml|Mixed Platforms.Build.0 = Release|Any CPU
		{F2BC544D-1583-4219-9A23-C21FE744CB08}.Release-Xml|x86.ActiveCfg = Release|Any CPU
	EndGlobalSection
	GlobalSection(SolutionProperties) = preSolution
		HideSolutionNode = FALSE
	EndGlobalSection
	GlobalSection(NestedProjects) = preSolution
		{639B80BD-E20F-4655-B043-D75EA3106537} = {322BF4F2-E944-4FB0-854C-E1DD3FB8A110}
		{1E7E1452-5109-4900-8D54-ECD3C9DE4565} = {322BF4F2-E944-4FB0-854C-E1DD3FB8A110}
		{CA8BE109-231B-49B6-8EFA-4F49EB132705} = {322BF4F2-E944-4FB0-854C-E1DD3FB8A110}
		{6B4638BB-2115-4AE5-B74B-FD8631905D4B} = {322BF4F2-E944-4FB0-854C-E1DD3FB8A110}
		{AD36B6B1-D676-40AD-BABE-9F6D6EE926C9} = {4AC48CF4-2F4F-4977-91EE-54FBE9FF0E34}
		{F19EA870-B3B9-4F9F-ADDC-BBD885FE56A9} = {4AC48CF4-2F4F-4977-91EE-54FBE9FF0E34}
	EndGlobalSection
EndGlobal
