
Microsoft Visual Studio Solution File, Format Version 10.00
# Visual Studio 2008
Project("{FAE04EC0-301F-11D3-BF4B-00C04F79EFBC}") = "Syncfusion.Diagram.WPF_2008", "Syncfusion.Diagram.WPF_2008.csproj", "{F19EA870-B3B9-4F9F-ADDC-BBD885FE56A9}"
EndProject
Global
	GlobalSection(SolutionConfigurationPlatforms) = preSolution
		Debug|Any CPU = Debug|Any CPU
		Debug-Xml|Any CPU = Debug-Xml|Any CPU
		Release|Any CPU = Release|Any CPU
		Release-Xml|Any CPU = Release-Xml|Any CPU
	EndGlobalSection
	GlobalSection(ProjectConfigurationPlatforms) = postSolution
		{F19EA870-B3B9-4F9F-ADDC-BBD885FE56A9}.Debug|Any CPU.ActiveCfg = Debug|Any CPU
		{F19EA870-B3B9-4F9F-ADDC-BBD885FE56A9}.Debug|Any CPU.Build.0 = Debug|Any CPU
		{F19EA870-B3B9-4F9F-ADDC-BBD885FE56A9}.Debug-Xml|Any CPU.ActiveCfg = Debug-Xml|Any CPU
		{F19EA870-B3B9-4F9F-ADDC-BBD885FE56A9}.Debug-Xml|Any CPU.Build.0 = Debug-Xml|Any CPU
		{F19EA870-B3B9-4F9F-ADDC-BBD885FE56A9}.Release|Any CPU.ActiveCfg = Release|Any CPU
		{F19EA870-B3B9-4F9F-ADDC-BBD885FE56A9}.Release|Any CPU.Build.0 = Release|Any CPU
		{F19EA870-B3B9-4F9F-ADDC-BBD885FE56A9}.Release-Xml|Any CPU.ActiveCfg = Release-Xml|Any CPU
		{F19EA870-B3B9-4F9F-ADDC-BBD885FE56A9}.Release-Xml|Any CPU.Build.0 = Release-Xml|Any CPU
	EndGlobalSection
	GlobalSection(SolutionProperties) = preSolution
		HideSolutionNode = FALSE
	EndGlobalSection
EndGlobal
