
Microsoft Visual Studio Solution File, Format Version 11.00
# Visual Studio 2010
Project("{2150E333-8FDC-42A3-9474-1A3956D46DE8}") = "Solution Items", "Solution Items", "{34B70C2F-5052-4730-91D4-01F1F8D6A4DA}"
	ProjectSection(SolutionItems) = preProject
		FantasyJobs.vsmdi = FantasyJobs.vsmdi
		LocalTestRun.testrunconfig = LocalTestRun.testrunconfig
	EndProjectSection
EndProject
Project("{FAE04EC0-301F-11D3-BF4B-00C04F79EFBC}") = "Fantasy.Jobs", "Fantasy.Jobs\Fantasy.Jobs.csproj", "{F6234F4E-CA50-4CC1-A91A-1FEBF54E49D0}"
EndProject
Project("{FAE04EC0-301F-11D3-BF4B-00C04F79EFBC}") = "Fantasy.Jobs.JobManagerWin", "Fantasy.Jobs.JobManagerWin\Fantasy.Jobs.JobManagerWin.csproj", "{C7BC5F3D-1A92-43ED-9232-DF587B6392F2}"
EndProject
Project("{FAE04EC0-301F-11D3-BF4B-00C04F79EFBC}") = "Fantasy.Jobs.JobHost", "Fantasy.Jobs.JobHost\Fantasy.Jobs.JobHost.csproj", "{5080CE7D-39E9-4098-A6C6-1837C7FE62C1}"
EndProject
Project("{FAE04EC0-301F-11D3-BF4B-00C04F79EFBC}") = "Fantasy.Jobs.JobService", "Fantasy.Jobs.JobService\Fantasy.Jobs.JobService.csproj", "{8BA0CDE6-0A85-49AB-8C70-038D402E32F0}"
EndProject
Project("{FAE04EC0-301F-11D3-BF4B-00C04F79EFBC}") = "Fantasy.XLogViewer", "Fantasy.XLogViewer\Fantasy.XLogViewer.csproj", "{1BF31CB8-A6FE-48ED-B173-4C2F86C353D6}"
EndProject
Project("{2150E333-8FDC-42A3-9474-1A3956D46DE8}") = "Web", "Web", "{8DA1B968-EF89-4F17-9CAA-D61BA13ACC09}"
EndProject
Project("{FAE04EC0-301F-11D3-BF4B-00C04F79EFBC}") = "Fantasy.Jobs.Web", "Fantasy.Jobs.Web\Fantasy.Jobs.Web.csproj", "{411DA863-45DF-4745-8580-786D34087A50}"
EndProject
Project("{FAE04EC0-301F-11D3-BF4B-00C04F79EFBC}") = "Telerik.Web.Mvc", "Fantasy.Components.Jobs.External\telerikaspnetmvc-2010.q3.1110\Source\Telerik.Web.Mvc\Telerik.Web.Mvc.csproj", "{A7F7C110-D7F0-49B7-8DDA-FD2D1CC6F3B1}"
EndProject
Project("{FAE04EC0-301F-11D3-BF4B-00C04F79EFBC}") = "Fantasy.Jobs.Encryptor", "Fantasy.Jobs.Encryptor\Fantasy.Jobs.Encryptor.csproj", "{281A0869-473F-4EB4-9D8D-7272F7BA84EA}"
EndProject
Project("{FAE04EC0-301F-11D3-BF4B-00C04F79EFBC}") = "Fantasy.Jobs.Web.WSXGenerator", "Fantasy.Jobs.Web.WSXGenerator\Fantasy.Jobs.Web.WSXGenerator.csproj", "{6B1EBC47-788F-4ECD-9265-BE1C86C9A758}"
EndProject
Project("{2150E333-8FDC-42A3-9474-1A3956D46DE8}") = "Utilities", "Utilities", "{423D45B7-B265-487D-BF54-B94BDBC06F7A}"
EndProject
Project("{FAE04EC0-301F-11D3-BF4B-00C04F79EFBC}") = "Fantasy.Base", "Fantasy.Base\Fantasy.Base.csproj", "{3252341E-6C16-4BF9-9463-91A9CF7D612E}"
EndProject
Global
	GlobalSection(SubversionScc) = preSolution
		Svn-Managed = True
		Manager = AnkhSVN - Subversion Support for Visual Studio
	EndGlobalSection
	GlobalSection(TestCaseManagementSettings) = postSolution
		CategoryFile = FantasyJobs.vsmdi
	EndGlobalSection
	GlobalSection(SolutionConfigurationPlatforms) = preSolution
		Debug|Any CPU = Debug|Any CPU
		Debug|Mixed Platforms = Debug|Mixed Platforms
		Debug|Win32 = Debug|Win32
		Debug|x86 = Debug|x86
		DebugHost|Any CPU = DebugHost|Any CPU
		DebugHost|Mixed Platforms = DebugHost|Mixed Platforms
		DebugHost|Win32 = DebugHost|Win32
		DebugHost|x86 = DebugHost|x86
		Debug-Satellite|Any CPU = Debug-Satellite|Any CPU
		Debug-Satellite|Mixed Platforms = Debug-Satellite|Mixed Platforms
		Debug-Satellite|Win32 = Debug-Satellite|Win32
		Debug-Satellite|x86 = Debug-Satellite|x86
		Debug-Solar|Any CPU = Debug-Solar|Any CPU
		Debug-Solar|Mixed Platforms = Debug-Solar|Mixed Platforms
		Debug-Solar|Win32 = Debug-Solar|Win32
		Debug-Solar|x86 = Debug-Solar|x86
		Release|Any CPU = Release|Any CPU
		Release|Mixed Platforms = Release|Mixed Platforms
		Release|Win32 = Release|Win32
		Release|x86 = Release|x86
	EndGlobalSection
	GlobalSection(ProjectConfigurationPlatforms) = postSolution
		{F6234F4E-CA50-4CC1-A91A-1FEBF54E49D0}.Debug|Any CPU.ActiveCfg = Debug|Any CPU
		{F6234F4E-CA50-4CC1-A91A-1FEBF54E49D0}.Debug|Any CPU.Build.0 = Debug|Any CPU
		{F6234F4E-CA50-4CC1-A91A-1FEBF54E49D0}.Debug|Mixed Platforms.ActiveCfg = Debug|Any CPU
		{F6234F4E-CA50-4CC1-A91A-1FEBF54E49D0}.Debug|Mixed Platforms.Build.0 = Debug|Any CPU
		{F6234F4E-CA50-4CC1-A91A-1FEBF54E49D0}.Debug|Win32.ActiveCfg = Debug|x86
		{F6234F4E-CA50-4CC1-A91A-1FEBF54E49D0}.Debug|x86.ActiveCfg = Debug|Any CPU
		{F6234F4E-CA50-4CC1-A91A-1FEBF54E49D0}.Debug|x86.Build.0 = Debug|Any CPU
		{F6234F4E-CA50-4CC1-A91A-1FEBF54E49D0}.DebugHost|Any CPU.ActiveCfg = DebugHost|Any CPU
		{F6234F4E-CA50-4CC1-A91A-1FEBF54E49D0}.DebugHost|Any CPU.Build.0 = DebugHost|Any CPU
		{F6234F4E-CA50-4CC1-A91A-1FEBF54E49D0}.DebugHost|Mixed Platforms.ActiveCfg = DebugHost|x86
		{F6234F4E-CA50-4CC1-A91A-1FEBF54E49D0}.DebugHost|Mixed Platforms.Build.0 = DebugHost|x86
		{F6234F4E-CA50-4CC1-A91A-1FEBF54E49D0}.DebugHost|Win32.ActiveCfg = DebugHost|x86
		{F6234F4E-CA50-4CC1-A91A-1FEBF54E49D0}.DebugHost|x86.ActiveCfg = DebugHost|x86
		{F6234F4E-CA50-4CC1-A91A-1FEBF54E49D0}.DebugHost|x86.Build.0 = DebugHost|x86
		{F6234F4E-CA50-4CC1-A91A-1FEBF54E49D0}.Debug-Satellite|Any CPU.ActiveCfg = Debug|Any CPU
		{F6234F4E-CA50-4CC1-A91A-1FEBF54E49D0}.Debug-Satellite|Any CPU.Build.0 = Debug|Any CPU
		{F6234F4E-CA50-4CC1-A91A-1FEBF54E49D0}.Debug-Satellite|Mixed Platforms.ActiveCfg = Debug|Any CPU
		{F6234F4E-CA50-4CC1-A91A-1FEBF54E49D0}.Debug-Satellite|Mixed Platforms.Build.0 = Debug|Any CPU
		{F6234F4E-CA50-4CC1-A91A-1FEBF54E49D0}.Debug-Satellite|Win32.ActiveCfg = Debug|x86
		{F6234F4E-CA50-4CC1-A91A-1FEBF54E49D0}.Debug-Satellite|x86.ActiveCfg = Debug|Any CPU
		{F6234F4E-CA50-4CC1-A91A-1FEBF54E49D0}.Debug-Satellite|x86.Build.0 = Debug|Any CPU
		{F6234F4E-CA50-4CC1-A91A-1FEBF54E49D0}.Debug-Solar|Any CPU.ActiveCfg = DebugHost|x86
		{F6234F4E-CA50-4CC1-A91A-1FEBF54E49D0}.Debug-Solar|Mixed Platforms.ActiveCfg = DebugHost|x86
		{F6234F4E-CA50-4CC1-A91A-1FEBF54E49D0}.Debug-Solar|Mixed Platforms.Build.0 = DebugHost|x86
		{F6234F4E-CA50-4CC1-A91A-1FEBF54E49D0}.Debug-Solar|Win32.ActiveCfg = DebugHost|x86
		{F6234F4E-CA50-4CC1-A91A-1FEBF54E49D0}.Debug-Solar|x86.ActiveCfg = Debug|x86
		{F6234F4E-CA50-4CC1-A91A-1FEBF54E49D0}.Debug-Solar|x86.Build.0 = Debug|x86
		{F6234F4E-CA50-4CC1-A91A-1FEBF54E49D0}.Release|Any CPU.ActiveCfg = Release|Any CPU
		{F6234F4E-CA50-4CC1-A91A-1FEBF54E49D0}.Release|Any CPU.Build.0 = Release|Any CPU
		{F6234F4E-CA50-4CC1-A91A-1FEBF54E49D0}.Release|Mixed Platforms.ActiveCfg = Release|Any CPU
		{F6234F4E-CA50-4CC1-A91A-1FEBF54E49D0}.Release|Mixed Platforms.Build.0 = Release|Any CPU
		{F6234F4E-CA50-4CC1-A91A-1FEBF54E49D0}.Release|Win32.ActiveCfg = Release|x86
		{F6234F4E-CA50-4CC1-A91A-1FEBF54E49D0}.Release|x86.ActiveCfg = Release|Any CPU
		{F6234F4E-CA50-4CC1-A91A-1FEBF54E49D0}.Release|x86.Build.0 = Release|Any CPU
		{C7BC5F3D-1A92-43ED-9232-DF587B6392F2}.Debug|Any CPU.ActiveCfg = Debug|Any CPU
		{C7BC5F3D-1A92-43ED-9232-DF587B6392F2}.Debug|Any CPU.Build.0 = Debug|Any CPU
		{C7BC5F3D-1A92-43ED-9232-DF587B6392F2}.Debug|Mixed Platforms.ActiveCfg = Debug|Any CPU
		{C7BC5F3D-1A92-43ED-9232-DF587B6392F2}.Debug|Mixed Platforms.Build.0 = Debug|Any CPU
		{C7BC5F3D-1A92-43ED-9232-DF587B6392F2}.Debug|Win32.ActiveCfg = Debug|x86
		{C7BC5F3D-1A92-43ED-9232-DF587B6392F2}.Debug|x86.ActiveCfg = Debug|x86
		{C7BC5F3D-1A92-43ED-9232-DF587B6392F2}.Debug|x86.Build.0 = Debug|x86
		{C7BC5F3D-1A92-43ED-9232-DF587B6392F2}.DebugHost|Any CPU.ActiveCfg = Debug-Satellite|x86
		{C7BC5F3D-1A92-43ED-9232-DF587B6392F2}.DebugHost|Mixed Platforms.ActiveCfg = Debug-Satellite|x86
		{C7BC5F3D-1A92-43ED-9232-DF587B6392F2}.DebugHost|Mixed Platforms.Build.0 = Debug-Satellite|x86
		{C7BC5F3D-1A92-43ED-9232-DF587B6392F2}.DebugHost|Win32.ActiveCfg = Debug-Satellite|x86
		{C7BC5F3D-1A92-43ED-9232-DF587B6392F2}.DebugHost|x86.ActiveCfg = Debug|x86
		{C7BC5F3D-1A92-43ED-9232-DF587B6392F2}.Debug-Satellite|Any CPU.ActiveCfg = Debug|Any CPU
		{C7BC5F3D-1A92-43ED-9232-DF587B6392F2}.Debug-Satellite|Any CPU.Build.0 = Debug|Any CPU
		{C7BC5F3D-1A92-43ED-9232-DF587B6392F2}.Debug-Satellite|Mixed Platforms.ActiveCfg = Debug|Any CPU
		{C7BC5F3D-1A92-43ED-9232-DF587B6392F2}.Debug-Satellite|Mixed Platforms.Build.0 = Debug|Any CPU
		{C7BC5F3D-1A92-43ED-9232-DF587B6392F2}.Debug-Satellite|Win32.ActiveCfg = Debug|x86
		{C7BC5F3D-1A92-43ED-9232-DF587B6392F2}.Debug-Satellite|x86.ActiveCfg = Debug-Satellite|x86
		{C7BC5F3D-1A92-43ED-9232-DF587B6392F2}.Debug-Satellite|x86.Build.0 = Debug-Satellite|x86
		{C7BC5F3D-1A92-43ED-9232-DF587B6392F2}.Debug-Solar|Any CPU.ActiveCfg = Debug-Solar|Any CPU
		{C7BC5F3D-1A92-43ED-9232-DF587B6392F2}.Debug-Solar|Any CPU.Build.0 = Debug-Solar|Any CPU
		{C7BC5F3D-1A92-43ED-9232-DF587B6392F2}.Debug-Solar|Mixed Platforms.ActiveCfg = Debug-Solar|x86
		{C7BC5F3D-1A92-43ED-9232-DF587B6392F2}.Debug-Solar|Mixed Platforms.Build.0 = Debug-Solar|x86
		{C7BC5F3D-1A92-43ED-9232-DF587B6392F2}.Debug-Solar|Win32.ActiveCfg = Debug-Solar|x86
		{C7BC5F3D-1A92-43ED-9232-DF587B6392F2}.Debug-Solar|x86.ActiveCfg = Debug-Solar|x86
		{C7BC5F3D-1A92-43ED-9232-DF587B6392F2}.Debug-Solar|x86.Build.0 = Debug-Solar|x86
		{C7BC5F3D-1A92-43ED-9232-DF587B6392F2}.Release|Any CPU.ActiveCfg = Release|Any CPU
		{C7BC5F3D-1A92-43ED-9232-DF587B6392F2}.Release|Any CPU.Build.0 = Release|Any CPU
		{C7BC5F3D-1A92-43ED-9232-DF587B6392F2}.Release|Mixed Platforms.ActiveCfg = Release|Any CPU
		{C7BC5F3D-1A92-43ED-9232-DF587B6392F2}.Release|Mixed Platforms.Build.0 = Release|Any CPU
		{C7BC5F3D-1A92-43ED-9232-DF587B6392F2}.Release|Win32.ActiveCfg = Release|x86
		{C7BC5F3D-1A92-43ED-9232-DF587B6392F2}.Release|x86.ActiveCfg = Release|x86
		{5080CE7D-39E9-4098-A6C6-1837C7FE62C1}.Debug|Any CPU.ActiveCfg = Debug|Any CPU
		{5080CE7D-39E9-4098-A6C6-1837C7FE62C1}.Debug|Any CPU.Build.0 = Debug|Any CPU
		{5080CE7D-39E9-4098-A6C6-1837C7FE62C1}.Debug|Mixed Platforms.ActiveCfg = Debug|Any CPU
		{5080CE7D-39E9-4098-A6C6-1837C7FE62C1}.Debug|Mixed Platforms.Build.0 = Debug|Any CPU
		{5080CE7D-39E9-4098-A6C6-1837C7FE62C1}.Debug|Win32.ActiveCfg = Debug|x86
		{5080CE7D-39E9-4098-A6C6-1837C7FE62C1}.Debug|x86.ActiveCfg = Debug|x86
		{5080CE7D-39E9-4098-A6C6-1837C7FE62C1}.Debug|x86.Build.0 = Debug|x86
		{5080CE7D-39E9-4098-A6C6-1837C7FE62C1}.DebugHost|Any CPU.ActiveCfg = DebugHost|Any CPU
		{5080CE7D-39E9-4098-A6C6-1837C7FE62C1}.DebugHost|Any CPU.Build.0 = DebugHost|Any CPU
		{5080CE7D-39E9-4098-A6C6-1837C7FE62C1}.DebugHost|Mixed Platforms.ActiveCfg = DebugHost|x86
		{5080CE7D-39E9-4098-A6C6-1837C7FE62C1}.DebugHost|Mixed Platforms.Build.0 = DebugHost|x86
		{5080CE7D-39E9-4098-A6C6-1837C7FE62C1}.DebugHost|Win32.ActiveCfg = DebugHost|x86
		{5080CE7D-39E9-4098-A6C6-1837C7FE62C1}.DebugHost|x86.ActiveCfg = DebugHost|x86
		{5080CE7D-39E9-4098-A6C6-1837C7FE62C1}.DebugHost|x86.Build.0 = DebugHost|x86
		{5080CE7D-39E9-4098-A6C6-1837C7FE62C1}.Debug-Satellite|Any CPU.ActiveCfg = Debug|Any CPU
		{5080CE7D-39E9-4098-A6C6-1837C7FE62C1}.Debug-Satellite|Any CPU.Build.0 = Debug|Any CPU
		{5080CE7D-39E9-4098-A6C6-1837C7FE62C1}.Debug-Satellite|Mixed Platforms.ActiveCfg = Debug|Any CPU
		{5080CE7D-39E9-4098-A6C6-1837C7FE62C1}.Debug-Satellite|Mixed Platforms.Build.0 = Debug|Any CPU
		{5080CE7D-39E9-4098-A6C6-1837C7FE62C1}.Debug-Satellite|Win32.ActiveCfg = Debug|x86
		{5080CE7D-39E9-4098-A6C6-1837C7FE62C1}.Debug-Satellite|x86.ActiveCfg = Debug-Satellite|x86
		{5080CE7D-39E9-4098-A6C6-1837C7FE62C1}.Debug-Satellite|x86.Build.0 = Debug-Satellite|x86
		{5080CE7D-39E9-4098-A6C6-1837C7FE62C1}.Debug-Solar|Any CPU.ActiveCfg = DebugHost|x86
		{5080CE7D-39E9-4098-A6C6-1837C7FE62C1}.Debug-Solar|Mixed Platforms.ActiveCfg = DebugHost|x86
		{5080CE7D-39E9-4098-A6C6-1837C7FE62C1}.Debug-Solar|Mixed Platforms.Build.0 = DebugHost|x86
		{5080CE7D-39E9-4098-A6C6-1837C7FE62C1}.Debug-Solar|Win32.ActiveCfg = DebugHost|x86
		{5080CE7D-39E9-4098-A6C6-1837C7FE62C1}.Debug-Solar|x86.ActiveCfg = Debug|x86
		{5080CE7D-39E9-4098-A6C6-1837C7FE62C1}.Debug-Solar|x86.Build.0 = Debug|x86
		{5080CE7D-39E9-4098-A6C6-1837C7FE62C1}.Release|Any CPU.ActiveCfg = Release|Any CPU
		{5080CE7D-39E9-4098-A6C6-1837C7FE62C1}.Release|Any CPU.Build.0 = Release|Any CPU
		{5080CE7D-39E9-4098-A6C6-1837C7FE62C1}.Release|Mixed Platforms.ActiveCfg = Release|Any CPU
		{5080CE7D-39E9-4098-A6C6-1837C7FE62C1}.Release|Mixed Platforms.Build.0 = Release|Any CPU
		{5080CE7D-39E9-4098-A6C6-1837C7FE62C1}.Release|Win32.ActiveCfg = Release|x86
		{5080CE7D-39E9-4098-A6C6-1837C7FE62C1}.Release|x86.ActiveCfg = Release|x86
		{5080CE7D-39E9-4098-A6C6-1837C7FE62C1}.Release|x86.Build.0 = Release|x86
		{8BA0CDE6-0A85-49AB-8C70-038D402E32F0}.Debug|Any CPU.ActiveCfg = Debug|Any CPU
		{8BA0CDE6-0A85-49AB-8C70-038D402E32F0}.Debug|Any CPU.Build.0 = Debug|Any CPU
		{8BA0CDE6-0A85-49AB-8C70-038D402E32F0}.Debug|Mixed Platforms.ActiveCfg = Debug|Any CPU
		{8BA0CDE6-0A85-49AB-8C70-038D402E32F0}.Debug|Mixed Platforms.Build.0 = Debug|Any CPU
		{8BA0CDE6-0A85-49AB-8C70-038D402E32F0}.Debug|Win32.ActiveCfg = Debug|x86
		{8BA0CDE6-0A85-49AB-8C70-038D402E32F0}.Debug|x86.ActiveCfg = Debug|x86
		{8BA0CDE6-0A85-49AB-8C70-038D402E32F0}.Debug|x86.Build.0 = Debug|x86
		{8BA0CDE6-0A85-49AB-8C70-038D402E32F0}.DebugHost|Any CPU.ActiveCfg = Debug-Satellite|x86
		{8BA0CDE6-0A85-49AB-8C70-038D402E32F0}.DebugHost|Mixed Platforms.ActiveCfg = Debug-Satellite|x86
		{8BA0CDE6-0A85-49AB-8C70-038D402E32F0}.DebugHost|Mixed Platforms.Build.0 = Debug-Satellite|x86
		{8BA0CDE6-0A85-49AB-8C70-038D402E32F0}.DebugHost|Win32.ActiveCfg = Debug-Satellite|x86
		{8BA0CDE6-0A85-49AB-8C70-038D402E32F0}.DebugHost|x86.ActiveCfg = Debug|x86
		{8BA0CDE6-0A85-49AB-8C70-038D402E32F0}.Debug-Satellite|Any CPU.ActiveCfg = Debug|Any CPU
		{8BA0CDE6-0A85-49AB-8C70-038D402E32F0}.Debug-Satellite|Any CPU.Build.0 = Debug|Any CPU
		{8BA0CDE6-0A85-49AB-8C70-038D402E32F0}.Debug-Satellite|Mixed Platforms.ActiveCfg = Debug|Any CPU
		{8BA0CDE6-0A85-49AB-8C70-038D402E32F0}.Debug-Satellite|Mixed Platforms.Build.0 = Debug|Any CPU
		{8BA0CDE6-0A85-49AB-8C70-038D402E32F0}.Debug-Satellite|Win32.ActiveCfg = Debug|x86
		{8BA0CDE6-0A85-49AB-8C70-038D402E32F0}.Debug-Satellite|x86.ActiveCfg = Debug-Satellite|x86
		{8BA0CDE6-0A85-49AB-8C70-038D402E32F0}.Debug-Satellite|x86.Build.0 = Debug-Satellite|x86
		{8BA0CDE6-0A85-49AB-8C70-038D402E32F0}.Debug-Solar|Any CPU.ActiveCfg = Debug-Solar|Any CPU
		{8BA0CDE6-0A85-49AB-8C70-038D402E32F0}.Debug-Solar|Any CPU.Build.0 = Debug-Solar|Any CPU
		{8BA0CDE6-0A85-49AB-8C70-038D402E32F0}.Debug-Solar|Mixed Platforms.ActiveCfg = Debug-Solar|x86
		{8BA0CDE6-0A85-49AB-8C70-038D402E32F0}.Debug-Solar|Mixed Platforms.Build.0 = Debug-Solar|x86
		{8BA0CDE6-0A85-49AB-8C70-038D402E32F0}.Debug-Solar|Win32.ActiveCfg = Debug-Solar|x86
		{8BA0CDE6-0A85-49AB-8C70-038D402E32F0}.Debug-Solar|x86.ActiveCfg = Debug-Solar|x86
		{8BA0CDE6-0A85-49AB-8C70-038D402E32F0}.Debug-Solar|x86.Build.0 = Debug-Solar|x86
		{8BA0CDE6-0A85-49AB-8C70-038D402E32F0}.Release|Any CPU.ActiveCfg = Release|Any CPU
		{8BA0CDE6-0A85-49AB-8C70-038D402E32F0}.Release|Any CPU.Build.0 = Release|Any CPU
		{8BA0CDE6-0A85-49AB-8C70-038D402E32F0}.Release|Mixed Platforms.ActiveCfg = Release|Any CPU
		{8BA0CDE6-0A85-49AB-8C70-038D402E32F0}.Release|Mixed Platforms.Build.0 = Release|Any CPU
		{8BA0CDE6-0A85-49AB-8C70-038D402E32F0}.Release|Win32.ActiveCfg = Release|x86
		{8BA0CDE6-0A85-49AB-8C70-038D402E32F0}.Release|x86.ActiveCfg = Release|x86
		{8BA0CDE6-0A85-49AB-8C70-038D402E32F0}.Release|x86.Build.0 = Release|x86
		{1BF31CB8-A6FE-48ED-B173-4C2F86C353D6}.Debug|Any CPU.ActiveCfg = Debug|Any CPU
		{1BF31CB8-A6FE-48ED-B173-4C2F86C353D6}.Debug|Any CPU.Build.0 = Debug|Any CPU
		{1BF31CB8-A6FE-48ED-B173-4C2F86C353D6}.Debug|Mixed Platforms.ActiveCfg = Debug|Any CPU
		{1BF31CB8-A6FE-48ED-B173-4C2F86C353D6}.Debug|Mixed Platforms.Build.0 = Debug|Any CPU
		{1BF31CB8-A6FE-48ED-B173-4C2F86C353D6}.Debug|Win32.ActiveCfg = Debug|x86
		{1BF31CB8-A6FE-48ED-B173-4C2F86C353D6}.Debug|x86.ActiveCfg = Debug|Any CPU
		{1BF31CB8-A6FE-48ED-B173-4C2F86C353D6}.Debug|x86.Build.0 = Debug|Any CPU
		{1BF31CB8-A6FE-48ED-B173-4C2F86C353D6}.DebugHost|Any CPU.ActiveCfg = Debug|x86
		{1BF31CB8-A6FE-48ED-B173-4C2F86C353D6}.DebugHost|Mixed Platforms.ActiveCfg = Debug|x86
		{1BF31CB8-A6FE-48ED-B173-4C2F86C353D6}.DebugHost|Mixed Platforms.Build.0 = Debug|x86
		{1BF31CB8-A6FE-48ED-B173-4C2F86C353D6}.DebugHost|Win32.ActiveCfg = Debug|x86
		{1BF31CB8-A6FE-48ED-B173-4C2F86C353D6}.DebugHost|x86.ActiveCfg = Debug|x86
		{1BF31CB8-A6FE-48ED-B173-4C2F86C353D6}.Debug-Satellite|Any CPU.ActiveCfg = Debug|Any CPU
		{1BF31CB8-A6FE-48ED-B173-4C2F86C353D6}.Debug-Satellite|Any CPU.Build.0 = Debug|Any CPU
		{1BF31CB8-A6FE-48ED-B173-4C2F86C353D6}.Debug-Satellite|Mixed Platforms.ActiveCfg = Debug|Any CPU
		{1BF31CB8-A6FE-48ED-B173-4C2F86C353D6}.Debug-Satellite|Mixed Platforms.Build.0 = Debug|Any CPU
		{1BF31CB8-A6FE-48ED-B173-4C2F86C353D6}.Debug-Satellite|Win32.ActiveCfg = Debug|x86
		{1BF31CB8-A6FE-48ED-B173-4C2F86C353D6}.Debug-Satellite|x86.ActiveCfg = Debug|Any CPU
		{1BF31CB8-A6FE-48ED-B173-4C2F86C353D6}.Debug-Solar|Any CPU.ActiveCfg = Debug|x86
		{1BF31CB8-A6FE-48ED-B173-4C2F86C353D6}.Debug-Solar|Mixed Platforms.ActiveCfg = Debug|x86
		{1BF31CB8-A6FE-48ED-B173-4C2F86C353D6}.Debug-Solar|Mixed Platforms.Build.0 = Debug|x86
		{1BF31CB8-A6FE-48ED-B173-4C2F86C353D6}.Debug-Solar|Win32.ActiveCfg = Debug|x86
		{1BF31CB8-A6FE-48ED-B173-4C2F86C353D6}.Debug-Solar|x86.ActiveCfg = Debug|x86
		{1BF31CB8-A6FE-48ED-B173-4C2F86C353D6}.Release|Any CPU.ActiveCfg = Release|Any CPU
		{1BF31CB8-A6FE-48ED-B173-4C2F86C353D6}.Release|Any CPU.Build.0 = Release|Any CPU
		{1BF31CB8-A6FE-48ED-B173-4C2F86C353D6}.Release|Mixed Platforms.ActiveCfg = Release|Any CPU
		{1BF31CB8-A6FE-48ED-B173-4C2F86C353D6}.Release|Mixed Platforms.Build.0 = Release|Any CPU
		{1BF31CB8-A6FE-48ED-B173-4C2F86C353D6}.Release|Win32.ActiveCfg = Release|x86
		{1BF31CB8-A6FE-48ED-B173-4C2F86C353D6}.Release|x86.ActiveCfg = Release|Any CPU
		{1BF31CB8-A6FE-48ED-B173-4C2F86C353D6}.Release|x86.Build.0 = Release|Any CPU
		{411DA863-45DF-4745-8580-786D34087A50}.Debug|Any CPU.ActiveCfg = Debug|Any CPU
		{411DA863-45DF-4745-8580-786D34087A50}.Debug|Any CPU.Build.0 = Debug|Any CPU
		{411DA863-45DF-4745-8580-786D34087A50}.Debug|Mixed Platforms.ActiveCfg = Debug|Any CPU
		{411DA863-45DF-4745-8580-786D34087A50}.Debug|Mixed Platforms.Build.0 = Debug|Any CPU
		{411DA863-45DF-4745-8580-786D34087A50}.Debug|Win32.ActiveCfg = Debug|x86
		{411DA863-45DF-4745-8580-786D34087A50}.Debug|x86.ActiveCfg = Debug|Any CPU
		{411DA863-45DF-4745-8580-786D34087A50}.Debug|x86.Build.0 = Debug|Any CPU
		{411DA863-45DF-4745-8580-786D34087A50}.DebugHost|Any CPU.ActiveCfg = Debug|Any CPU
		{411DA863-45DF-4745-8580-786D34087A50}.DebugHost|Any CPU.Build.0 = Debug|Any CPU
		{411DA863-45DF-4745-8580-786D34087A50}.DebugHost|Mixed Platforms.ActiveCfg = Debug|Any CPU
		{411DA863-45DF-4745-8580-786D34087A50}.DebugHost|Mixed Platforms.Build.0 = Debug|Any CPU
		{411DA863-45DF-4745-8580-786D34087A50}.DebugHost|Win32.ActiveCfg = Debug|x86
		{411DA863-45DF-4745-8580-786D34087A50}.DebugHost|x86.ActiveCfg = Debug|Any CPU
		{411DA863-45DF-4745-8580-786D34087A50}.Debug-Satellite|Any CPU.ActiveCfg = Debug|Any CPU
		{411DA863-45DF-4745-8580-786D34087A50}.Debug-Satellite|Any CPU.Build.0 = Debug|Any CPU
		{411DA863-45DF-4745-8580-786D34087A50}.Debug-Satellite|Mixed Platforms.ActiveCfg = Debug|Any CPU
		{411DA863-45DF-4745-8580-786D34087A50}.Debug-Satellite|Mixed Platforms.Build.0 = Debug|Any CPU
		{411DA863-45DF-4745-8580-786D34087A50}.Debug-Satellite|Win32.ActiveCfg = Debug|x86
		{411DA863-45DF-4745-8580-786D34087A50}.Debug-Satellite|x86.ActiveCfg = Debug|Any CPU
		{411DA863-45DF-4745-8580-786D34087A50}.Debug-Solar|Any CPU.ActiveCfg = Debug|x86
		{411DA863-45DF-4745-8580-786D34087A50}.Debug-Solar|Mixed Platforms.ActiveCfg = Debug|x86
		{411DA863-45DF-4745-8580-786D34087A50}.Debug-Solar|Mixed Platforms.Build.0 = Debug|x86
		{411DA863-45DF-4745-8580-786D34087A50}.Debug-Solar|Win32.ActiveCfg = Debug|x86
		{411DA863-45DF-4745-8580-786D34087A50}.Debug-Solar|x86.ActiveCfg = Debug|x86
		{411DA863-45DF-4745-8580-786D34087A50}.Release|Any CPU.ActiveCfg = Release|Any CPU
		{411DA863-45DF-4745-8580-786D34087A50}.Release|Any CPU.Build.0 = Release|Any CPU
		{411DA863-45DF-4745-8580-786D34087A50}.Release|Mixed Platforms.ActiveCfg = Release|Any CPU
		{411DA863-45DF-4745-8580-786D34087A50}.Release|Mixed Platforms.Build.0 = Release|Any CPU
		{411DA863-45DF-4745-8580-786D34087A50}.Release|Win32.ActiveCfg = Release|x86
		{411DA863-45DF-4745-8580-786D34087A50}.Release|x86.ActiveCfg = Release|Any CPU
		{411DA863-45DF-4745-8580-786D34087A50}.Release|x86.Build.0 = Release|Any CPU
		{A7F7C110-D7F0-49B7-8DDA-FD2D1CC6F3B1}.Debug|Any CPU.ActiveCfg = Debug MVC3|Any CPU
		{A7F7C110-D7F0-49B7-8DDA-FD2D1CC6F3B1}.Debug|Any CPU.Build.0 = Debug MVC3|Any CPU
		{A7F7C110-D7F0-49B7-8DDA-FD2D1CC6F3B1}.Debug|Mixed Platforms.ActiveCfg = Debug MVC3|Any CPU
		{A7F7C110-D7F0-49B7-8DDA-FD2D1CC6F3B1}.Debug|Mixed Platforms.Build.0 = Debug MVC3|Any CPU
		{A7F7C110-D7F0-49B7-8DDA-FD2D1CC6F3B1}.Debug|Win32.ActiveCfg = Debug MVC3|Any CPU
		{A7F7C110-D7F0-49B7-8DDA-FD2D1CC6F3B1}.Debug|x86.ActiveCfg = Debug MVC3|Any CPU
		{A7F7C110-D7F0-49B7-8DDA-FD2D1CC6F3B1}.Debug|x86.Build.0 = Debug MVC3|Any CPU
		{A7F7C110-D7F0-49B7-8DDA-FD2D1CC6F3B1}.DebugHost|Any CPU.ActiveCfg = Debug MVC3|Any CPU
		{A7F7C110-D7F0-49B7-8DDA-FD2D1CC6F3B1}.DebugHost|Any CPU.Build.0 = Debug MVC3|Any CPU
		{A7F7C110-D7F0-49B7-8DDA-FD2D1CC6F3B1}.DebugHost|Mixed Platforms.ActiveCfg = Debug MVC3|Any CPU
		{A7F7C110-D7F0-49B7-8DDA-FD2D1CC6F3B1}.DebugHost|Mixed Platforms.Build.0 = Debug MVC3|Any CPU
		{A7F7C110-D7F0-49B7-8DDA-FD2D1CC6F3B1}.DebugHost|Win32.ActiveCfg = Debug MVC3|Any CPU
		{A7F7C110-D7F0-49B7-8DDA-FD2D1CC6F3B1}.DebugHost|x86.ActiveCfg = Debug MVC3|Any CPU
		{A7F7C110-D7F0-49B7-8DDA-FD2D1CC6F3B1}.Debug-Satellite|Any CPU.ActiveCfg = Debug MVC3|Any CPU
		{A7F7C110-D7F0-49B7-8DDA-FD2D1CC6F3B1}.Debug-Satellite|Any CPU.Build.0 = Debug MVC3|Any CPU
		{A7F7C110-D7F0-49B7-8DDA-FD2D1CC6F3B1}.Debug-Satellite|Mixed Platforms.ActiveCfg = Debug MVC3|Any CPU
		{A7F7C110-D7F0-49B7-8DDA-FD2D1CC6F3B1}.Debug-Satellite|Mixed Platforms.Build.0 = Debug MVC3|Any CPU
		{A7F7C110-D7F0-49B7-8DDA-FD2D1CC6F3B1}.Debug-Satellite|Win32.ActiveCfg = Debug MVC3|Any CPU
		{A7F7C110-D7F0-49B7-8DDA-FD2D1CC6F3B1}.Debug-Satellite|x86.ActiveCfg = Debug MVC3|Any CPU
		{A7F7C110-D7F0-49B7-8DDA-FD2D1CC6F3B1}.Debug-Solar|Any CPU.ActiveCfg = Debug MVC3|Any CPU
		{A7F7C110-D7F0-49B7-8DDA-FD2D1CC6F3B1}.Debug-Solar|Any CPU.Build.0 = Debug MVC3|Any CPU
		{A7F7C110-D7F0-49B7-8DDA-FD2D1CC6F3B1}.Debug-Solar|Mixed Platforms.ActiveCfg = Debug MVC3|Any CPU
		{A7F7C110-D7F0-49B7-8DDA-FD2D1CC6F3B1}.Debug-Solar|Mixed Platforms.Build.0 = Debug MVC3|Any CPU
		{A7F7C110-D7F0-49B7-8DDA-FD2D1CC6F3B1}.Debug-Solar|Win32.ActiveCfg = Debug MVC3|Any CPU
		{A7F7C110-D7F0-49B7-8DDA-FD2D1CC6F3B1}.Debug-Solar|x86.ActiveCfg = Debug MVC3|Any CPU
		{A7F7C110-D7F0-49B7-8DDA-FD2D1CC6F3B1}.Release|Any CPU.ActiveCfg = Release MVC3|Any CPU
		{A7F7C110-D7F0-49B7-8DDA-FD2D1CC6F3B1}.Release|Any CPU.Build.0 = Release MVC3|Any CPU
		{A7F7C110-D7F0-49B7-8DDA-FD2D1CC6F3B1}.Release|Mixed Platforms.ActiveCfg = Release MVC3|Any CPU
		{A7F7C110-D7F0-49B7-8DDA-FD2D1CC6F3B1}.Release|Mixed Platforms.Build.0 = Release MVC3|Any CPU
		{A7F7C110-D7F0-49B7-8DDA-FD2D1CC6F3B1}.Release|Win32.ActiveCfg = Release MVC3|Any CPU
		{A7F7C110-D7F0-49B7-8DDA-FD2D1CC6F3B1}.Release|x86.ActiveCfg = Release MVC3|Any CPU
		{A7F7C110-D7F0-49B7-8DDA-FD2D1CC6F3B1}.Release|x86.Build.0 = Release MVC3|Any CPU
		{281A0869-473F-4EB4-9D8D-7272F7BA84EA}.Debug|Any CPU.ActiveCfg = Debug|x86
		{281A0869-473F-4EB4-9D8D-7272F7BA84EA}.Debug|Mixed Platforms.ActiveCfg = Debug|x86
		{281A0869-473F-4EB4-9D8D-7272F7BA84EA}.Debug|Mixed Platforms.Build.0 = Debug|x86
		{281A0869-473F-4EB4-9D8D-7272F7BA84EA}.Debug|Win32.ActiveCfg = Debug|x86
		{281A0869-473F-4EB4-9D8D-7272F7BA84EA}.Debug|x86.ActiveCfg = Debug|Any CPU
		{281A0869-473F-4EB4-9D8D-7272F7BA84EA}.Debug|x86.Build.0 = Debug|Any CPU
		{281A0869-473F-4EB4-9D8D-7272F7BA84EA}.DebugHost|Any CPU.ActiveCfg = Debug|x86
		{281A0869-473F-4EB4-9D8D-7272F7BA84EA}.DebugHost|Mixed Platforms.ActiveCfg = Debug|x86
		{281A0869-473F-4EB4-9D8D-7272F7BA84EA}.DebugHost|Mixed Platforms.Build.0 = Debug|x86
		{281A0869-473F-4EB4-9D8D-7272F7BA84EA}.DebugHost|Win32.ActiveCfg = Debug|x86
		{281A0869-473F-4EB4-9D8D-7272F7BA84EA}.DebugHost|x86.ActiveCfg = Debug|x86
		{281A0869-473F-4EB4-9D8D-7272F7BA84EA}.DebugHost|x86.Build.0 = Debug|x86
		{281A0869-473F-4EB4-9D8D-7272F7BA84EA}.Debug-Satellite|Any CPU.ActiveCfg = Debug|x86
		{281A0869-473F-4EB4-9D8D-7272F7BA84EA}.Debug-Satellite|Mixed Platforms.ActiveCfg = Debug|x86
		{281A0869-473F-4EB4-9D8D-7272F7BA84EA}.Debug-Satellite|Mixed Platforms.Build.0 = Debug|x86
		{281A0869-473F-4EB4-9D8D-7272F7BA84EA}.Debug-Satellite|Win32.ActiveCfg = Debug|x86
		{281A0869-473F-4EB4-9D8D-7272F7BA84EA}.Debug-Satellite|x86.ActiveCfg = Debug|x86
		{281A0869-473F-4EB4-9D8D-7272F7BA84EA}.Debug-Satellite|x86.Build.0 = Debug|x86
		{281A0869-473F-4EB4-9D8D-7272F7BA84EA}.Debug-Solar|Any CPU.ActiveCfg = Debug|x86
		{281A0869-473F-4EB4-9D8D-7272F7BA84EA}.Debug-Solar|Mixed Platforms.ActiveCfg = Debug|x86
		{281A0869-473F-4EB4-9D8D-7272F7BA84EA}.Debug-Solar|Mixed Platforms.Build.0 = Debug|x86
		{281A0869-473F-4EB4-9D8D-7272F7BA84EA}.Debug-Solar|Win32.ActiveCfg = Debug|x86
		{281A0869-473F-4EB4-9D8D-7272F7BA84EA}.Debug-Solar|x86.ActiveCfg = Debug|x86
		{281A0869-473F-4EB4-9D8D-7272F7BA84EA}.Debug-Solar|x86.Build.0 = Debug|x86
		{281A0869-473F-4EB4-9D8D-7272F7BA84EA}.Release|Any CPU.ActiveCfg = Release|x86
		{281A0869-473F-4EB4-9D8D-7272F7BA84EA}.Release|Mixed Platforms.ActiveCfg = Release|x86
		{281A0869-473F-4EB4-9D8D-7272F7BA84EA}.Release|Mixed Platforms.Build.0 = Release|x86
		{281A0869-473F-4EB4-9D8D-7272F7BA84EA}.Release|Win32.ActiveCfg = Release|x86
		{281A0869-473F-4EB4-9D8D-7272F7BA84EA}.Release|x86.ActiveCfg = Release|x86
		{281A0869-473F-4EB4-9D8D-7272F7BA84EA}.Release|x86.Build.0 = Release|x86
		{6B1EBC47-788F-4ECD-9265-BE1C86C9A758}.Debug|Any CPU.ActiveCfg = Debug|x86
		{6B1EBC47-788F-4ECD-9265-BE1C86C9A758}.Debug|Mixed Platforms.ActiveCfg = Debug|x86
		{6B1EBC47-788F-4ECD-9265-BE1C86C9A758}.Debug|Mixed Platforms.Build.0 = Debug|x86
		{6B1EBC47-788F-4ECD-9265-BE1C86C9A758}.Debug|Win32.ActiveCfg = Debug|x86
		{6B1EBC47-788F-4ECD-9265-BE1C86C9A758}.Debug|x86.ActiveCfg = Debug|Any CPU
		{6B1EBC47-788F-4ECD-9265-BE1C86C9A758}.Debug|x86.Build.0 = Debug|Any CPU
		{6B1EBC47-788F-4ECD-9265-BE1C86C9A758}.DebugHost|Any CPU.ActiveCfg = Debug|x86
		{6B1EBC47-788F-4ECD-9265-BE1C86C9A758}.DebugHost|Mixed Platforms.ActiveCfg = Debug|x86
		{6B1EBC47-788F-4ECD-9265-BE1C86C9A758}.DebugHost|Mixed Platforms.Build.0 = Debug|x86
		{6B1EBC47-788F-4ECD-9265-BE1C86C9A758}.DebugHost|Win32.ActiveCfg = Debug|x86
		{6B1EBC47-788F-4ECD-9265-BE1C86C9A758}.DebugHost|x86.ActiveCfg = Debug|x86
		{6B1EBC47-788F-4ECD-9265-BE1C86C9A758}.DebugHost|x86.Build.0 = Debug|x86
		{6B1EBC47-788F-4ECD-9265-BE1C86C9A758}.Debug-Satellite|Any CPU.ActiveCfg = Debug|x86
		{6B1EBC47-788F-4ECD-9265-BE1C86C9A758}.Debug-Satellite|Mixed Platforms.ActiveCfg = Debug|x86
		{6B1EBC47-788F-4ECD-9265-BE1C86C9A758}.Debug-Satellite|Mixed Platforms.Build.0 = Debug|x86
		{6B1EBC47-788F-4ECD-9265-BE1C86C9A758}.Debug-Satellite|Win32.ActiveCfg = Debug|x86
		{6B1EBC47-788F-4ECD-9265-BE1C86C9A758}.Debug-Satellite|x86.ActiveCfg = Debug|x86
		{6B1EBC47-788F-4ECD-9265-BE1C86C9A758}.Debug-Satellite|x86.Build.0 = Debug|x86
		{6B1EBC47-788F-4ECD-9265-BE1C86C9A758}.Debug-Solar|Any CPU.ActiveCfg = Debug|x86
		{6B1EBC47-788F-4ECD-9265-BE1C86C9A758}.Debug-Solar|Mixed Platforms.ActiveCfg = Debug|x86
		{6B1EBC47-788F-4ECD-9265-BE1C86C9A758}.Debug-Solar|Mixed Platforms.Build.0 = Debug|x86
		{6B1EBC47-788F-4ECD-9265-BE1C86C9A758}.Debug-Solar|Win32.ActiveCfg = Debug|x86
		{6B1EBC47-788F-4ECD-9265-BE1C86C9A758}.Debug-Solar|x86.ActiveCfg = Debug|x86
		{6B1EBC47-788F-4ECD-9265-BE1C86C9A758}.Debug-Solar|x86.Build.0 = Debug|x86
		{6B1EBC47-788F-4ECD-9265-BE1C86C9A758}.Release|Any CPU.ActiveCfg = Release|x86
		{6B1EBC47-788F-4ECD-9265-BE1C86C9A758}.Release|Mixed Platforms.ActiveCfg = Release|x86
		{6B1EBC47-788F-4ECD-9265-BE1C86C9A758}.Release|Mixed Platforms.Build.0 = Release|x86
		{6B1EBC47-788F-4ECD-9265-BE1C86C9A758}.Release|Win32.ActiveCfg = Release|x86
		{6B1EBC47-788F-4ECD-9265-BE1C86C9A758}.Release|x86.ActiveCfg = Release|x86
		{3252341E-6C16-4BF9-9463-91A9CF7D612E}.Debug|Any CPU.ActiveCfg = Debug|Any CPU
		{3252341E-6C16-4BF9-9463-91A9CF7D612E}.Debug|Any CPU.Build.0 = Debug|Any CPU
		{3252341E-6C16-4BF9-9463-91A9CF7D612E}.Debug|Mixed Platforms.ActiveCfg = Debug|x86
		{3252341E-6C16-4BF9-9463-91A9CF7D612E}.Debug|Mixed Platforms.Build.0 = Debug|x86
		{3252341E-6C16-4BF9-9463-91A9CF7D612E}.Debug|Win32.ActiveCfg = Debug|x86
		{3252341E-6C16-4BF9-9463-91A9CF7D612E}.Debug|x86.ActiveCfg = Debug|Any CPU
		{3252341E-6C16-4BF9-9463-91A9CF7D612E}.Debug|x86.Build.0 = Debug|Any CPU
		{3252341E-6C16-4BF9-9463-91A9CF7D612E}.DebugHost|Any CPU.ActiveCfg = DebugHost|Any CPU
		{3252341E-6C16-4BF9-9463-91A9CF7D612E}.DebugHost|Any CPU.Build.0 = DebugHost|Any CPU
		{3252341E-6C16-4BF9-9463-91A9CF7D612E}.DebugHost|Mixed Platforms.ActiveCfg = DebugHost|x86
		{3252341E-6C16-4BF9-9463-91A9CF7D612E}.DebugHost|Mixed Platforms.Build.0 = DebugHost|x86
		{3252341E-6C16-4BF9-9463-91A9CF7D612E}.DebugHost|Win32.ActiveCfg = DebugHost|x86
		{3252341E-6C16-4BF9-9463-91A9CF7D612E}.DebugHost|x86.ActiveCfg = DebugHost|x86
		{3252341E-6C16-4BF9-9463-91A9CF7D612E}.DebugHost|x86.Build.0 = DebugHost|x86
		{3252341E-6C16-4BF9-9463-91A9CF7D612E}.Debug-Satellite|Any CPU.ActiveCfg = DebugHost|x86
		{3252341E-6C16-4BF9-9463-91A9CF7D612E}.Debug-Satellite|Mixed Platforms.ActiveCfg = DebugHost|x86
		{3252341E-6C16-4BF9-9463-91A9CF7D612E}.Debug-Satellite|Mixed Platforms.Build.0 = DebugHost|x86
		{3252341E-6C16-4BF9-9463-91A9CF7D612E}.Debug-Satellite|Win32.ActiveCfg = DebugHost|x86
		{3252341E-6C16-4BF9-9463-91A9CF7D612E}.Debug-Satellite|x86.ActiveCfg = DebugHost|x86
		{3252341E-6C16-4BF9-9463-91A9CF7D612E}.Debug-Satellite|x86.Build.0 = DebugHost|x86
		{3252341E-6C16-4BF9-9463-91A9CF7D612E}.Debug-Solar|Any CPU.ActiveCfg = DebugHost|x86
		{3252341E-6C16-4BF9-9463-91A9CF7D612E}.Debug-Solar|Mixed Platforms.ActiveCfg = DebugHost|x86
		{3252341E-6C16-4BF9-9463-91A9CF7D612E}.Debug-Solar|Mixed Platforms.Build.0 = DebugHost|x86
		{3252341E-6C16-4BF9-9463-91A9CF7D612E}.Debug-Solar|Win32.ActiveCfg = DebugHost|x86
		{3252341E-6C16-4BF9-9463-91A9CF7D612E}.Debug-Solar|x86.ActiveCfg = DebugHost|x86
		{3252341E-6C16-4BF9-9463-91A9CF7D612E}.Debug-Solar|x86.Build.0 = DebugHost|x86
		{3252341E-6C16-4BF9-9463-91A9CF7D612E}.Release|Any CPU.ActiveCfg = Release|Any CPU
		{3252341E-6C16-4BF9-9463-91A9CF7D612E}.Release|Any CPU.Build.0 = Release|Any CPU
		{3252341E-6C16-4BF9-9463-91A9CF7D612E}.Release|Mixed Platforms.ActiveCfg = Release|x86
		{3252341E-6C16-4BF9-9463-91A9CF7D612E}.Release|Mixed Platforms.Build.0 = Release|x86
		{3252341E-6C16-4BF9-9463-91A9CF7D612E}.Release|Win32.ActiveCfg = Release|x86
		{3252341E-6C16-4BF9-9463-91A9CF7D612E}.Release|x86.ActiveCfg = Release|x86
		{3252341E-6C16-4BF9-9463-91A9CF7D612E}.Release|x86.Build.0 = Release|x86
	EndGlobalSection
	GlobalSection(SolutionProperties) = preSolution
		HideSolutionNode = FALSE
	EndGlobalSection
	GlobalSection(NestedProjects) = preSolution
		{281A0869-473F-4EB4-9D8D-7272F7BA84EA} = {423D45B7-B265-487D-BF54-B94BDBC06F7A}
		{1BF31CB8-A6FE-48ED-B173-4C2F86C353D6} = {423D45B7-B265-487D-BF54-B94BDBC06F7A}
		{411DA863-45DF-4745-8580-786D34087A50} = {8DA1B968-EF89-4F17-9CAA-D61BA13ACC09}
		{A7F7C110-D7F0-49B7-8DDA-FD2D1CC6F3B1} = {8DA1B968-EF89-4F17-9CAA-D61BA13ACC09}
		{6B1EBC47-788F-4ECD-9265-BE1C86C9A758} = {8DA1B968-EF89-4F17-9CAA-D61BA13ACC09}
	EndGlobalSection
EndGlobal
