
Microsoft Visual Studio Solution File, Format Version 11.00
# Visual Studio 2010
Project("{FAE04EC0-301F-11D3-BF4B-00C04F79EFBC}") = "Syncfusion.Shared.Silverlight_2010", "Syncfusion.Shared.Silverlight_2010.csproj", "{5DC6CFF7-844F-4302-8C09-6F95402B2637}"
EndProject
Global
	GlobalSection(SolutionConfigurationPlatforms) = preSolution
		Debug|Any CPU = Debug|Any CPU
		Debug-Xml|Any CPU = Debug-Xml|Any CPU
		Release|Any CPU = Release|Any CPU
		Release-Xml|Any CPU = Release-Xml|Any CPU
	EndGlobalSection
	GlobalSection(ProjectConfigurationPlatforms) = postSolution
		{5DC6CFF7-844F-4302-8C09-6F95402B2637}.Debug|Any CPU.ActiveCfg = Debug|Any CPU
		{5DC6CFF7-844F-4302-8C09-6F95402B2637}.Debug|Any CPU.Build.0 = Debug|Any CPU
		{5DC6CFF7-844F-4302-8C09-6F95402B2637}.Debug-Xml|Any CPU.ActiveCfg = Debug-Xml|Any CPU
		{5DC6CFF7-844F-4302-8C09-6F95402B2637}.Debug-Xml|Any CPU.Build.0 = Debug-Xml|Any CPU
		{5DC6CFF7-844F-4302-8C09-6F95402B2637}.Release|Any CPU.ActiveCfg = Release|Any CPU
		{5DC6CFF7-844F-4302-8C09-6F95402B2637}.Release|Any CPU.Build.0 = Release|Any CPU
		{5DC6CFF7-844F-4302-8C09-6F95402B2637}.Release-Xml|Any CPU.ActiveCfg = Release-Xml|Any CPU
		{5DC6CFF7-844F-4302-8C09-6F95402B2637}.Release-Xml|Any CPU.Build.0 = Release-Xml|Any CPU
	EndGlobalSection
	GlobalSection(SolutionProperties) = preSolution
		HideSolutionNode = FALSE
	EndGlobalSection
EndGlobal
